
Microsoft Visual Studio Solution File, Format Version 12.00
# Visual Studio Version 16
VisualStudioVersion = 16.0.30517.126
MinimumVisualStudioVersion = 10.0.40219.1
Project("{9A19103F-16F7-4668-BE54-9A1E7A4F7556}") = "Zeze", "..\Zeze\Zeze.csproj", "{31957A9B-FC6B-4536-872F-B32E2E1AB275}"
EndProject
Project("{9A19103F-16F7-4668-BE54-9A1E7A4F7556}") = "client", "client\client.csproj", "{A3BB6CE7-2C2A-45A7-9AF5-FA2DFEE4712E}"
EndProject
Project("{9A19103F-16F7-4668-BE54-9A1E7A4F7556}") = "server", "server\server.csproj", "{1C49FBBE-C333-4DF3-9DA0-4917C051B397}"
EndProject
Global
	GlobalSection(SolutionConfigurationPlatforms) = preSolution
		Debug|Any CPU = Debug|Any CPU
		Release|Any CPU = Release|Any CPU
	EndGlobalSection
	GlobalSection(ProjectConfigurationPlatforms) = postSolution
		{31957A9B-FC6B-4536-872F-B32E2E1AB275}.Debug|Any CPU.ActiveCfg = Debug|Any CPU
		{31957A9B-FC6B-4536-872F-B32E2E1AB275}.Debug|Any CPU.Build.0 = Debug|Any CPU
		{31957A9B-FC6B-4536-872F-B32E2E1AB275}.Release|Any CPU.ActiveCfg = Release|Any CPU
		{31957A9B-FC6B-4536-872F-B32E2E1AB275}.Release|Any CPU.Build.0 = Release|Any CPU
		{A3BB6CE7-2C2A-45A7-9AF5-FA2DFEE4712E}.Debug|Any CPU.ActiveCfg = Debug|Any CPU
		{A3BB6CE7-2C2A-45A7-9AF5-FA2DFEE4712E}.Debug|Any CPU.Build.0 = Debug|Any CPU
		{A3BB6CE7-2C2A-45A7-9AF5-FA2DFEE4712E}.Release|Any CPU.ActiveCfg = Release|Any CPU
		{A3BB6CE7-2C2A-45A7-9AF5-FA2DFEE4712E}.Release|Any CPU.Build.0 = Release|Any CPU
		{1C49FBBE-C333-4DF3-9DA0-4917C051B397}.Debug|Any CPU.ActiveCfg = Debug|Any CPU
		{1C49FBBE-C333-4DF3-9DA0-4917C051B397}.Debug|Any CPU.Build.0 = Debug|Any CPU
		{1C49FBBE-C333-4DF3-9DA0-4917C051B397}.Release|Any CPU.ActiveCfg = Release|Any CPU
		{1C49FBBE-C333-4DF3-9DA0-4917C051B397}.Release|Any CPU.Build.0 = Release|Any CPU
	EndGlobalSection
	GlobalSection(SolutionProperties) = preSolution
		HideSolutionNode = FALSE
	EndGlobalSection
	GlobalSection(ExtensibilityGlobals) = postSolution
		SolutionGuid = {E7EC6144-1DED-40F9-912D-9B51AA08F10E}
	EndGlobalSection
EndGlobal
