{
  "name": "type-script",
  "version": "0.0.0",
  "lockfileVersion": 1,
  "requires": true,
  "dependencies": {
    "@types/node": {
      "version": "8.10.66",
      "resolved": "https://registry.npmjs.org/@types/node/-/node-8.10.66.tgz",
      "integrity": "sha512-tktOkFUA4kXx2hhhrB8bIFb5TbwzS4uOhKEmwiD+NoiL0qtP2OQ9mFldbgD4dV1djrlBYP6eBuQZiWjuHUpqFw==",
      "dev": true
    },
    "long": {
      "version": "git+https://github.com/dcodeIO/long.js.git#ce11b4b2bd3ba1240a057d62018563d99db318f9",
      "from": "git+https://github.com/dcodeIO/long.js.git"
    },
    "text-encoding": {
      "version": "git+https://github.com/inexorabletash/text-encoding.git#3f330964c0e97e1ed344c2a3e963f4598610a7ad",
      "from": "git+https://github.com/inexorabletash/text-encoding.git"
    },
    "typescript": {
      "version": "3.9.7",
      "resolved": "https://registry.npmjs.org/typescript/-/typescript-3.9.7.tgz",
      "integrity": "sha512-BLbiRkiBzAwsjut4x/dsibSTB6yWpwT5qWmC2OfuCg3GgVQCSgMs4vEctYPhsaGtd0AeuuHMkjZ2h2WG8MSzRw==",
      "dev": true
    }
  }
}
