
Microsoft Visual Studio Solution File, Format Version 12.00
# Visual Studio Version 16
VisualStudioVersion = 16.0.30320.27
MinimumVisualStudioVersion = 10.0.40219.1
Project("{9A19103F-16F7-4668-BE54-9A1E7A4F7556}") = "Zeze", "Zeze\Zeze.csproj", "{B19CB676-4FA8-4D9D-8CB4-5FCDACD1D602}"
EndProject
Project("{9A19103F-16F7-4668-BE54-9A1E7A4F7556}") = "UnitTest", "UnitTest\UnitTest.csproj", "{392881A7-5440-4086-B1B4-591B0BB56BDB}"
EndProject
Project("{9A19103F-16F7-4668-BE54-9A1E7A4F7556}") = "Gen", "Gen\Gen.csproj", "{B4F6AA2D-57FD-4E7D-A959-42BB61627C75}"
EndProject
Project("{FAE04EC0-301F-11D3-BF4B-00C04F79EFBC}") = "TestMain", "TestMain\TestMain.csproj", "{0CC4470A-AE3D-4238-98D0-3E65479271E7}"
EndProject
Project("{FAE04EC0-301F-11D3-BF4B-00C04F79EFBC}") = "Draft", "Draft\Draft.csproj", "{DAEA7305-00EE-4B0F-A31C-98C7690EBC94}"
EndProject
Project("{FAE04EC0-301F-11D3-BF4B-00C04F79EFBC}") = "linkd", "Sample\linkd\linkd.csproj", "{A5567900-3FB4-48FE-90EC-E927111B0CB5}"
EndProject
Project("{FAE04EC0-301F-11D3-BF4B-00C04F79EFBC}") = "server", "Sample\server\server.csproj", "{ED00DF42-96BF-4F3C-B111-DDFF76F8EDA3}"
EndProject
Project("{FAE04EC0-301F-11D3-BF4B-00C04F79EFBC}") = "client", "Sample\client\client.csproj", "{C4FA6ED4-2F35-4BF4-A7DC-A395E31F600B}"
EndProject
Project("{FAE04EC0-301F-11D3-BF4B-00C04F79EFBC}") = "Daemon", "Daemon\Daemon.csproj", "{94C78CE4-A524-4819-A5D5-4525EC2C9369}"
EndProject
Project("{FAE04EC0-301F-11D3-BF4B-00C04F79EFBC}") = "confcs", "confcs\confcs.csproj", "{51933975-1A63-4210-88C0-2B0633FFA3A4}"
EndProject
Global
	GlobalSection(SolutionConfigurationPlatforms) = preSolution
		Debug|Any CPU = Debug|Any CPU
		Debug|x64 = Debug|x64
		Debug|x86 = Debug|x86
		Release|Any CPU = Release|Any CPU
		Release|x64 = Release|x64
		Release|x86 = Release|x86
	EndGlobalSection
	GlobalSection(ProjectConfigurationPlatforms) = postSolution
		{B19CB676-4FA8-4D9D-8CB4-5FCDACD1D602}.Debug|Any CPU.ActiveCfg = Debug|Any CPU
		{B19CB676-4FA8-4D9D-8CB4-5FCDACD1D602}.Debug|Any CPU.Build.0 = Debug|Any CPU
		{B19CB676-4FA8-4D9D-8CB4-5FCDACD1D602}.Debug|x64.ActiveCfg = Debug|Any CPU
		{B19CB676-4FA8-4D9D-8CB4-5FCDACD1D602}.Debug|x64.Build.0 = Debug|Any CPU
		{B19CB676-4FA8-4D9D-8CB4-5FCDACD1D602}.Debug|x86.ActiveCfg = Debug|Any CPU
		{B19CB676-4FA8-4D9D-8CB4-5FCDACD1D602}.Debug|x86.Build.0 = Debug|Any CPU
		{B19CB676-4FA8-4D9D-8CB4-5FCDACD1D602}.Release|Any CPU.ActiveCfg = Release|Any CPU
		{B19CB676-4FA8-4D9D-8CB4-5FCDACD1D602}.Release|Any CPU.Build.0 = Release|Any CPU
		{B19CB676-4FA8-4D9D-8CB4-5FCDACD1D602}.Release|x64.ActiveCfg = Release|Any CPU
		{B19CB676-4FA8-4D9D-8CB4-5FCDACD1D602}.Release|x64.Build.0 = Release|Any CPU
		{B19CB676-4FA8-4D9D-8CB4-5FCDACD1D602}.Release|x86.ActiveCfg = Release|Any CPU
		{B19CB676-4FA8-4D9D-8CB4-5FCDACD1D602}.Release|x86.Build.0 = Release|Any CPU
		{392881A7-5440-4086-B1B4-591B0BB56BDB}.Debug|Any CPU.ActiveCfg = Debug|Any CPU
		{392881A7-5440-4086-B1B4-591B0BB56BDB}.Debug|Any CPU.Build.0 = Debug|Any CPU
		{392881A7-5440-4086-B1B4-591B0BB56BDB}.Debug|x64.ActiveCfg = Debug|Any CPU
		{392881A7-5440-4086-B1B4-591B0BB56BDB}.Debug|x64.Build.0 = Debug|Any CPU
		{392881A7-5440-4086-B1B4-591B0BB56BDB}.Debug|x86.ActiveCfg = Debug|Any CPU
		{392881A7-5440-4086-B1B4-591B0BB56BDB}.Debug|x86.Build.0 = Debug|Any CPU
		{392881A7-5440-4086-B1B4-591B0BB56BDB}.Release|Any CPU.ActiveCfg = Release|Any CPU
		{392881A7-5440-4086-B1B4-591B0BB56BDB}.Release|Any CPU.Build.0 = Release|Any CPU
		{392881A7-5440-4086-B1B4-591B0BB56BDB}.Release|x64.ActiveCfg = Release|Any CPU
		{392881A7-5440-4086-B1B4-591B0BB56BDB}.Release|x64.Build.0 = Release|Any CPU
		{392881A7-5440-4086-B1B4-591B0BB56BDB}.Release|x86.ActiveCfg = Release|Any CPU
		{392881A7-5440-4086-B1B4-591B0BB56BDB}.Release|x86.Build.0 = Release|Any CPU
		{B4F6AA2D-57FD-4E7D-A959-42BB61627C75}.Debug|Any CPU.ActiveCfg = Debug|Any CPU
		{B4F6AA2D-57FD-4E7D-A959-42BB61627C75}.Debug|Any CPU.Build.0 = Debug|Any CPU
		{B4F6AA2D-57FD-4E7D-A959-42BB61627C75}.Debug|x64.ActiveCfg = Debug|Any CPU
		{B4F6AA2D-57FD-4E7D-A959-42BB61627C75}.Debug|x64.Build.0 = Debug|Any CPU
		{B4F6AA2D-57FD-4E7D-A959-42BB61627C75}.Debug|x86.ActiveCfg = Debug|Any CPU
		{B4F6AA2D-57FD-4E7D-A959-42BB61627C75}.Debug|x86.Build.0 = Debug|Any CPU
		{B4F6AA2D-57FD-4E7D-A959-42BB61627C75}.Release|Any CPU.ActiveCfg = Release|Any CPU
		{B4F6AA2D-57FD-4E7D-A959-42BB61627C75}.Release|Any CPU.Build.0 = Release|Any CPU
		{B4F6AA2D-57FD-4E7D-A959-42BB61627C75}.Release|x64.ActiveCfg = Release|Any CPU
		{B4F6AA2D-57FD-4E7D-A959-42BB61627C75}.Release|x64.Build.0 = Release|Any CPU
		{B4F6AA2D-57FD-4E7D-A959-42BB61627C75}.Release|x86.ActiveCfg = Release|Any CPU
		{B4F6AA2D-57FD-4E7D-A959-42BB61627C75}.Release|x86.Build.0 = Release|Any CPU
		{0CC4470A-AE3D-4238-98D0-3E65479271E7}.Debug|Any CPU.ActiveCfg = Debug|Any CPU
		{0CC4470A-AE3D-4238-98D0-3E65479271E7}.Debug|Any CPU.Build.0 = Debug|Any CPU
		{0CC4470A-AE3D-4238-98D0-3E65479271E7}.Debug|x64.ActiveCfg = Debug|Any CPU
		{0CC4470A-AE3D-4238-98D0-3E65479271E7}.Debug|x64.Build.0 = Debug|Any CPU
		{0CC4470A-AE3D-4238-98D0-3E65479271E7}.Debug|x86.ActiveCfg = Debug|Any CPU
		{0CC4470A-AE3D-4238-98D0-3E65479271E7}.Debug|x86.Build.0 = Debug|Any CPU
		{0CC4470A-AE3D-4238-98D0-3E65479271E7}.Release|Any CPU.ActiveCfg = Release|Any CPU
		{0CC4470A-AE3D-4238-98D0-3E65479271E7}.Release|Any CPU.Build.0 = Release|Any CPU
		{0CC4470A-AE3D-4238-98D0-3E65479271E7}.Release|x64.ActiveCfg = Release|Any CPU
		{0CC4470A-AE3D-4238-98D0-3E65479271E7}.Release|x64.Build.0 = Release|Any CPU
		{0CC4470A-AE3D-4238-98D0-3E65479271E7}.Release|x86.ActiveCfg = Release|Any CPU
		{0CC4470A-AE3D-4238-98D0-3E65479271E7}.Release|x86.Build.0 = Release|Any CPU
		{DAEA7305-00EE-4B0F-A31C-98C7690EBC94}.Debug|Any CPU.ActiveCfg = Debug|Any CPU
		{DAEA7305-00EE-4B0F-A31C-98C7690EBC94}.Debug|Any CPU.Build.0 = Debug|Any CPU
		{DAEA7305-00EE-4B0F-A31C-98C7690EBC94}.Debug|x64.ActiveCfg = Debug|Any CPU
		{DAEA7305-00EE-4B0F-A31C-98C7690EBC94}.Debug|x64.Build.0 = Debug|Any CPU
		{DAEA7305-00EE-4B0F-A31C-98C7690EBC94}.Debug|x86.ActiveCfg = Debug|Any CPU
		{DAEA7305-00EE-4B0F-A31C-98C7690EBC94}.Debug|x86.Build.0 = Debug|Any CPU
		{DAEA7305-00EE-4B0F-A31C-98C7690EBC94}.Release|Any CPU.ActiveCfg = Release|Any CPU
		{DAEA7305-00EE-4B0F-A31C-98C7690EBC94}.Release|Any CPU.Build.0 = Release|Any CPU
		{DAEA7305-00EE-4B0F-A31C-98C7690EBC94}.Release|x64.ActiveCfg = Release|Any CPU
		{DAEA7305-00EE-4B0F-A31C-98C7690EBC94}.Release|x64.Build.0 = Release|Any CPU
		{DAEA7305-00EE-4B0F-A31C-98C7690EBC94}.Release|x86.ActiveCfg = Release|Any CPU
		{DAEA7305-00EE-4B0F-A31C-98C7690EBC94}.Release|x86.Build.0 = Release|Any CPU
		{A5567900-3FB4-48FE-90EC-E927111B0CB5}.Debug|Any CPU.ActiveCfg = Debug|Any CPU
		{A5567900-3FB4-48FE-90EC-E927111B0CB5}.Debug|Any CPU.Build.0 = Debug|Any CPU
		{A5567900-3FB4-48FE-90EC-E927111B0CB5}.Debug|x64.ActiveCfg = Debug|Any CPU
		{A5567900-3FB4-48FE-90EC-E927111B0CB5}.Debug|x64.Build.0 = Debug|Any CPU
		{A5567900-3FB4-48FE-90EC-E927111B0CB5}.Debug|x86.ActiveCfg = Debug|Any CPU
		{A5567900-3FB4-48FE-90EC-E927111B0CB5}.Debug|x86.Build.0 = Debug|Any CPU
		{A5567900-3FB4-48FE-90EC-E927111B0CB5}.Release|Any CPU.ActiveCfg = Release|Any CPU
		{A5567900-3FB4-48FE-90EC-E927111B0CB5}.Release|Any CPU.Build.0 = Release|Any CPU
		{A5567900-3FB4-48FE-90EC-E927111B0CB5}.Release|x64.ActiveCfg = Release|Any CPU
		{A5567900-3FB4-48FE-90EC-E927111B0CB5}.Release|x64.Build.0 = Release|Any CPU
		{A5567900-3FB4-48FE-90EC-E927111B0CB5}.Release|x86.ActiveCfg = Release|Any CPU
		{A5567900-3FB4-48FE-90EC-E927111B0CB5}.Release|x86.Build.0 = Release|Any CPU
		{ED00DF42-96BF-4F3C-B111-DDFF76F8EDA3}.Debug|Any CPU.ActiveCfg = Debug|Any CPU
		{ED00DF42-96BF-4F3C-B111-DDFF76F8EDA3}.Debug|Any CPU.Build.0 = Debug|Any CPU
		{ED00DF42-96BF-4F3C-B111-DDFF76F8EDA3}.Debug|x64.ActiveCfg = Debug|Any CPU
		{ED00DF42-96BF-4F3C-B111-DDFF76F8EDA3}.Debug|x64.Build.0 = Debug|Any CPU
		{ED00DF42-96BF-4F3C-B111-DDFF76F8EDA3}.Debug|x86.ActiveCfg = Debug|Any CPU
		{ED00DF42-96BF-4F3C-B111-DDFF76F8EDA3}.Debug|x86.Build.0 = Debug|Any CPU
		{ED00DF42-96BF-4F3C-B111-DDFF76F8EDA3}.Release|Any CPU.ActiveCfg = Release|Any CPU
		{ED00DF42-96BF-4F3C-B111-DDFF76F8EDA3}.Release|Any CPU.Build.0 = Release|Any CPU
		{ED00DF42-96BF-4F3C-B111-DDFF76F8EDA3}.Release|x64.ActiveCfg = Release|Any CPU
		{ED00DF42-96BF-4F3C-B111-DDFF76F8EDA3}.Release|x64.Build.0 = Release|Any CPU
		{ED00DF42-96BF-4F3C-B111-DDFF76F8EDA3}.Release|x86.ActiveCfg = Release|Any CPU
		{ED00DF42-96BF-4F3C-B111-DDFF76F8EDA3}.Release|x86.Build.0 = Release|Any CPU
		{C4FA6ED4-2F35-4BF4-A7DC-A395E31F600B}.Debug|Any CPU.ActiveCfg = Debug|Any CPU
		{C4FA6ED4-2F35-4BF4-A7DC-A395E31F600B}.Debug|Any CPU.Build.0 = Debug|Any CPU
		{C4FA6ED4-2F35-4BF4-A7DC-A395E31F600B}.Debug|x64.ActiveCfg = Debug|Any CPU
		{C4FA6ED4-2F35-4BF4-A7DC-A395E31F600B}.Debug|x64.Build.0 = Debug|Any CPU
		{C4FA6ED4-2F35-4BF4-A7DC-A395E31F600B}.Debug|x86.ActiveCfg = Debug|Any CPU
		{C4FA6ED4-2F35-4BF4-A7DC-A395E31F600B}.Debug|x86.Build.0 = Debug|Any CPU
		{C4FA6ED4-2F35-4BF4-A7DC-A395E31F600B}.Release|Any CPU.ActiveCfg = Release|Any CPU
		{C4FA6ED4-2F35-4BF4-A7DC-A395E31F600B}.Release|Any CPU.Build.0 = Release|Any CPU
		{C4FA6ED4-2F35-4BF4-A7DC-A395E31F600B}.Release|x64.ActiveCfg = Release|Any CPU
		{C4FA6ED4-2F35-4BF4-A7DC-A395E31F600B}.Release|x64.Build.0 = Release|Any CPU
		{C4FA6ED4-2F35-4BF4-A7DC-A395E31F600B}.Release|x86.ActiveCfg = Release|Any CPU
		{C4FA6ED4-2F35-4BF4-A7DC-A395E31F600B}.Release|x86.Build.0 = Release|Any CPU
		{94C78CE4-A524-4819-A5D5-4525EC2C9369}.Debug|Any CPU.ActiveCfg = Debug|Any CPU
		{94C78CE4-A524-4819-A5D5-4525EC2C9369}.Debug|Any CPU.Build.0 = Debug|Any CPU
		{94C78CE4-A524-4819-A5D5-4525EC2C9369}.Debug|x64.ActiveCfg = Debug|Any CPU
		{94C78CE4-A524-4819-A5D5-4525EC2C9369}.Debug|x64.Build.0 = Debug|Any CPU
		{94C78CE4-A524-4819-A5D5-4525EC2C9369}.Debug|x86.ActiveCfg = Debug|Any CPU
		{94C78CE4-A524-4819-A5D5-4525EC2C9369}.Debug|x86.Build.0 = Debug|Any CPU
		{94C78CE4-A524-4819-A5D5-4525EC2C9369}.Release|Any CPU.ActiveCfg = Release|Any CPU
		{94C78CE4-A524-4819-A5D5-4525EC2C9369}.Release|Any CPU.Build.0 = Release|Any CPU
		{94C78CE4-A524-4819-A5D5-4525EC2C9369}.Release|x64.ActiveCfg = Release|Any CPU
		{94C78CE4-A524-4819-A5D5-4525EC2C9369}.Release|x64.Build.0 = Release|Any CPU
		{94C78CE4-A524-4819-A5D5-4525EC2C9369}.Release|x86.ActiveCfg = Release|Any CPU
		{94C78CE4-A524-4819-A5D5-4525EC2C9369}.Release|x86.Build.0 = Release|Any CPU
		{51933975-1A63-4210-88C0-2B0633FFA3A4}.Debug|Any CPU.ActiveCfg = Debug|Any CPU
		{51933975-1A63-4210-88C0-2B0633FFA3A4}.Debug|Any CPU.Build.0 = Debug|Any CPU
		{51933975-1A63-4210-88C0-2B0633FFA3A4}.Debug|x64.ActiveCfg = Debug|Any CPU
		{51933975-1A63-4210-88C0-2B0633FFA3A4}.Debug|x64.Build.0 = Debug|Any CPU
		{51933975-1A63-4210-88C0-2B0633FFA3A4}.Debug|x86.ActiveCfg = Debug|Any CPU
		{51933975-1A63-4210-88C0-2B0633FFA3A4}.Debug|x86.Build.0 = Debug|Any CPU
		{51933975-1A63-4210-88C0-2B0633FFA3A4}.Release|Any CPU.ActiveCfg = Release|Any CPU
		{51933975-1A63-4210-88C0-2B0633FFA3A4}.Release|Any CPU.Build.0 = Release|Any CPU
		{51933975-1A63-4210-88C0-2B0633FFA3A4}.Release|x64.ActiveCfg = Release|Any CPU
		{51933975-1A63-4210-88C0-2B0633FFA3A4}.Release|x64.Build.0 = Release|Any CPU
		{51933975-1A63-4210-88C0-2B0633FFA3A4}.Release|x86.ActiveCfg = Release|Any CPU
		{51933975-1A63-4210-88C0-2B0633FFA3A4}.Release|x86.Build.0 = Release|Any CPU
	EndGlobalSection
	GlobalSection(SolutionProperties) = preSolution
		HideSolutionNode = FALSE
	EndGlobalSection
	GlobalSection(ExtensibilityGlobals) = postSolution
		SolutionGuid = {6087E5D1-978C-4233-A250-29A32C6AB9EF}
	EndGlobalSection
EndGlobal
