
Microsoft Visual Studio Solution File, Format Version 12.00
# Visual Studio Version 16
VisualStudioVersion = 16.0.31624.102
MinimumVisualStudioVersion = 10.0.40219.1
Project("{9A19103F-16F7-4668-BE54-9A1E7A4F7556}") = "ZezeNoDatabaseUseKeraLua", "Zeze\ZezeNoDatabaseUseKeraLua.csproj", "{DE6FCBA1-5FE9-488D-BA86-914E54E5CAC5}"
EndProject
Global
	GlobalSection(SolutionConfigurationPlatforms) = preSolution
		Debug|Any CPU = Debug|Any CPU
		Release|Any CPU = Release|Any CPU
	EndGlobalSection
	GlobalSection(ProjectConfigurationPlatforms) = postSolution
		{DE6FCBA1-5FE9-488D-BA86-914E54E5CAC5}.Debug|Any CPU.ActiveCfg = Debug|Any CPU
		{DE6FCBA1-5FE9-488D-BA86-914E54E5CAC5}.Debug|Any CPU.Build.0 = Debug|Any CPU
		{DE6FCBA1-5FE9-488D-BA86-914E54E5CAC5}.Release|Any CPU.ActiveCfg = Release|Any CPU
		{DE6FCBA1-5FE9-488D-BA86-914E54E5CAC5}.Release|Any CPU.Build.0 = Release|Any CPU
	EndGlobalSection
	GlobalSection(SolutionProperties) = preSolution
		HideSolutionNode = FALSE
	EndGlobalSection
	GlobalSection(ExtensibilityGlobals) = postSolution
		SolutionGuid = {60D4B87B-F84B-4CFD-9C7B-1F29F735E6D3}
	EndGlobalSection
EndGlobal
