
Microsoft Visual Studio Solution File, Format Version 12.00
# Visual Studio Version 16
VisualStudioVersion = 16.0.30320.27
MinimumVisualStudioVersion = 10.0.40219.1
Project("{9A19103F-16F7-4668-BE54-9A1E7A4F7556}") = "Zeze", "Zeze\Zeze.csproj", "{B19CB676-4FA8-4D9D-8CB4-5FCDACD1D602}"
EndProject
Project("{9A19103F-16F7-4668-BE54-9A1E7A4F7556}") = "UnitTest", "UnitTest\UnitTest.csproj", "{392881A7-5440-4086-B1B4-591B0BB56BDB}"
EndProject
Project("{9A19103F-16F7-4668-BE54-9A1E7A4F7556}") = "Gen", "Gen\Gen.csproj", "{B4F6AA2D-57FD-4E7D-A959-42BB61627C75}"
EndProject
Project("{9A19103F-16F7-4668-BE54-9A1E7A4F7556}") = "GlobalCacheManager", "GlobalCacheManager\GlobalCacheManager.csproj", "{07181D66-3C2F-4598-9EA7-E1428AFB028E}"
EndProject
Project("{9A19103F-16F7-4668-BE54-9A1E7A4F7556}") = "TestGlobal", "TestGlobal\TestGlobal.csproj", "{D135E42E-2936-4A76-8BAB-6173FDD02D9D}"
EndProject
Project("{9A19103F-16F7-4668-BE54-9A1E7A4F7556}") = "UnitTestClient", "UnitTestClient\UnitTestClient.csproj", "{7430764D-0D08-4D01-A2A1-94ED1B5A3777}"
EndProject
Project("{8BC9CEB8-8B4A-11D0-8D11-00A0C91BC942}") = "UnitTestClientCxx", "UnitTestClientCxx\UnitTestClientCxx.vcxproj", "{BAE40A04-CDB1-4E1B-BD4E-EC820F843F43}"
EndProject
Global
	GlobalSection(SolutionConfigurationPlatforms) = preSolution
		Debug|Any CPU = Debug|Any CPU
		Debug|x64 = Debug|x64
		Debug|x86 = Debug|x86
		Release|Any CPU = Release|Any CPU
		Release|x64 = Release|x64
		Release|x86 = Release|x86
	EndGlobalSection
	GlobalSection(ProjectConfigurationPlatforms) = postSolution
		{B19CB676-4FA8-4D9D-8CB4-5FCDACD1D602}.Debug|Any CPU.ActiveCfg = Debug|Any CPU
		{B19CB676-4FA8-4D9D-8CB4-5FCDACD1D602}.Debug|Any CPU.Build.0 = Debug|Any CPU
		{B19CB676-4FA8-4D9D-8CB4-5FCDACD1D602}.Debug|x64.ActiveCfg = Debug|Any CPU
		{B19CB676-4FA8-4D9D-8CB4-5FCDACD1D602}.Debug|x64.Build.0 = Debug|Any CPU
		{B19CB676-4FA8-4D9D-8CB4-5FCDACD1D602}.Debug|x86.ActiveCfg = Debug|Any CPU
		{B19CB676-4FA8-4D9D-8CB4-5FCDACD1D602}.Debug|x86.Build.0 = Debug|Any CPU
		{B19CB676-4FA8-4D9D-8CB4-5FCDACD1D602}.Release|Any CPU.ActiveCfg = Release|Any CPU
		{B19CB676-4FA8-4D9D-8CB4-5FCDACD1D602}.Release|Any CPU.Build.0 = Release|Any CPU
		{B19CB676-4FA8-4D9D-8CB4-5FCDACD1D602}.Release|x64.ActiveCfg = Release|Any CPU
		{B19CB676-4FA8-4D9D-8CB4-5FCDACD1D602}.Release|x64.Build.0 = Release|Any CPU
		{B19CB676-4FA8-4D9D-8CB4-5FCDACD1D602}.Release|x86.ActiveCfg = Release|Any CPU
		{B19CB676-4FA8-4D9D-8CB4-5FCDACD1D602}.Release|x86.Build.0 = Release|Any CPU
		{392881A7-5440-4086-B1B4-591B0BB56BDB}.Debug|Any CPU.ActiveCfg = Debug|Any CPU
		{392881A7-5440-4086-B1B4-591B0BB56BDB}.Debug|Any CPU.Build.0 = Debug|Any CPU
		{392881A7-5440-4086-B1B4-591B0BB56BDB}.Debug|x64.ActiveCfg = Debug|Any CPU
		{392881A7-5440-4086-B1B4-591B0BB56BDB}.Debug|x64.Build.0 = Debug|Any CPU
		{392881A7-5440-4086-B1B4-591B0BB56BDB}.Debug|x86.ActiveCfg = Debug|Any CPU
		{392881A7-5440-4086-B1B4-591B0BB56BDB}.Debug|x86.Build.0 = Debug|Any CPU
		{392881A7-5440-4086-B1B4-591B0BB56BDB}.Release|Any CPU.ActiveCfg = Release|Any CPU
		{392881A7-5440-4086-B1B4-591B0BB56BDB}.Release|Any CPU.Build.0 = Release|Any CPU
		{392881A7-5440-4086-B1B4-591B0BB56BDB}.Release|x64.ActiveCfg = Release|Any CPU
		{392881A7-5440-4086-B1B4-591B0BB56BDB}.Release|x64.Build.0 = Release|Any CPU
		{392881A7-5440-4086-B1B4-591B0BB56BDB}.Release|x86.ActiveCfg = Release|Any CPU
		{392881A7-5440-4086-B1B4-591B0BB56BDB}.Release|x86.Build.0 = Release|Any CPU
		{B4F6AA2D-57FD-4E7D-A959-42BB61627C75}.Debug|Any CPU.ActiveCfg = Debug|Any CPU
		{B4F6AA2D-57FD-4E7D-A959-42BB61627C75}.Debug|Any CPU.Build.0 = Debug|Any CPU
		{B4F6AA2D-57FD-4E7D-A959-42BB61627C75}.Debug|x64.ActiveCfg = Debug|Any CPU
		{B4F6AA2D-57FD-4E7D-A959-42BB61627C75}.Debug|x64.Build.0 = Debug|Any CPU
		{B4F6AA2D-57FD-4E7D-A959-42BB61627C75}.Debug|x86.ActiveCfg = Debug|Any CPU
		{B4F6AA2D-57FD-4E7D-A959-42BB61627C75}.Debug|x86.Build.0 = Debug|Any CPU
		{B4F6AA2D-57FD-4E7D-A959-42BB61627C75}.Release|Any CPU.ActiveCfg = Release|Any CPU
		{B4F6AA2D-57FD-4E7D-A959-42BB61627C75}.Release|Any CPU.Build.0 = Release|Any CPU
		{B4F6AA2D-57FD-4E7D-A959-42BB61627C75}.Release|x64.ActiveCfg = Release|Any CPU
		{B4F6AA2D-57FD-4E7D-A959-42BB61627C75}.Release|x64.Build.0 = Release|Any CPU
		{B4F6AA2D-57FD-4E7D-A959-42BB61627C75}.Release|x86.ActiveCfg = Release|Any CPU
		{B4F6AA2D-57FD-4E7D-A959-42BB61627C75}.Release|x86.Build.0 = Release|Any CPU
		{07181D66-3C2F-4598-9EA7-E1428AFB028E}.Debug|Any CPU.ActiveCfg = Debug|Any CPU
		{07181D66-3C2F-4598-9EA7-E1428AFB028E}.Debug|Any CPU.Build.0 = Debug|Any CPU
		{07181D66-3C2F-4598-9EA7-E1428AFB028E}.Debug|x64.ActiveCfg = Debug|Any CPU
		{07181D66-3C2F-4598-9EA7-E1428AFB028E}.Debug|x64.Build.0 = Debug|Any CPU
		{07181D66-3C2F-4598-9EA7-E1428AFB028E}.Debug|x86.ActiveCfg = Debug|Any CPU
		{07181D66-3C2F-4598-9EA7-E1428AFB028E}.Debug|x86.Build.0 = Debug|Any CPU
		{07181D66-3C2F-4598-9EA7-E1428AFB028E}.Release|Any CPU.ActiveCfg = Release|Any CPU
		{07181D66-3C2F-4598-9EA7-E1428AFB028E}.Release|Any CPU.Build.0 = Release|Any CPU
		{07181D66-3C2F-4598-9EA7-E1428AFB028E}.Release|x64.ActiveCfg = Release|Any CPU
		{07181D66-3C2F-4598-9EA7-E1428AFB028E}.Release|x64.Build.0 = Release|Any CPU
		{07181D66-3C2F-4598-9EA7-E1428AFB028E}.Release|x86.ActiveCfg = Release|Any CPU
		{07181D66-3C2F-4598-9EA7-E1428AFB028E}.Release|x86.Build.0 = Release|Any CPU
		{D135E42E-2936-4A76-8BAB-6173FDD02D9D}.Debug|Any CPU.ActiveCfg = Debug|Any CPU
		{D135E42E-2936-4A76-8BAB-6173FDD02D9D}.Debug|Any CPU.Build.0 = Debug|Any CPU
		{D135E42E-2936-4A76-8BAB-6173FDD02D9D}.Debug|x64.ActiveCfg = Debug|Any CPU
		{D135E42E-2936-4A76-8BAB-6173FDD02D9D}.Debug|x64.Build.0 = Debug|Any CPU
		{D135E42E-2936-4A76-8BAB-6173FDD02D9D}.Debug|x86.ActiveCfg = Debug|Any CPU
		{D135E42E-2936-4A76-8BAB-6173FDD02D9D}.Debug|x86.Build.0 = Debug|Any CPU
		{D135E42E-2936-4A76-8BAB-6173FDD02D9D}.Release|Any CPU.ActiveCfg = Release|Any CPU
		{D135E42E-2936-4A76-8BAB-6173FDD02D9D}.Release|Any CPU.Build.0 = Release|Any CPU
		{D135E42E-2936-4A76-8BAB-6173FDD02D9D}.Release|x64.ActiveCfg = Release|Any CPU
		{D135E42E-2936-4A76-8BAB-6173FDD02D9D}.Release|x64.Build.0 = Release|Any CPU
		{D135E42E-2936-4A76-8BAB-6173FDD02D9D}.Release|x86.ActiveCfg = Release|Any CPU
		{D135E42E-2936-4A76-8BAB-6173FDD02D9D}.Release|x86.Build.0 = Release|Any CPU
		{7430764D-0D08-4D01-A2A1-94ED1B5A3777}.Debug|Any CPU.ActiveCfg = Debug|Any CPU
		{7430764D-0D08-4D01-A2A1-94ED1B5A3777}.Debug|Any CPU.Build.0 = Debug|Any CPU
		{7430764D-0D08-4D01-A2A1-94ED1B5A3777}.Debug|x64.ActiveCfg = Debug|Any CPU
		{7430764D-0D08-4D01-A2A1-94ED1B5A3777}.Debug|x64.Build.0 = Debug|Any CPU
		{7430764D-0D08-4D01-A2A1-94ED1B5A3777}.Debug|x86.ActiveCfg = Debug|Any CPU
		{7430764D-0D08-4D01-A2A1-94ED1B5A3777}.Debug|x86.Build.0 = Debug|Any CPU
		{7430764D-0D08-4D01-A2A1-94ED1B5A3777}.Release|Any CPU.ActiveCfg = Release|Any CPU
		{7430764D-0D08-4D01-A2A1-94ED1B5A3777}.Release|Any CPU.Build.0 = Release|Any CPU
		{7430764D-0D08-4D01-A2A1-94ED1B5A3777}.Release|x64.ActiveCfg = Release|Any CPU
		{7430764D-0D08-4D01-A2A1-94ED1B5A3777}.Release|x64.Build.0 = Release|Any CPU
		{7430764D-0D08-4D01-A2A1-94ED1B5A3777}.Release|x86.ActiveCfg = Release|Any CPU
		{7430764D-0D08-4D01-A2A1-94ED1B5A3777}.Release|x86.Build.0 = Release|Any CPU
		{BAE40A04-CDB1-4E1B-BD4E-EC820F843F43}.Debug|Any CPU.ActiveCfg = Debug|Win32
		{BAE40A04-CDB1-4E1B-BD4E-EC820F843F43}.Debug|x64.ActiveCfg = Debug|x64
		{BAE40A04-CDB1-4E1B-BD4E-EC820F843F43}.Debug|x64.Build.0 = Debug|x64
		{BAE40A04-CDB1-4E1B-BD4E-EC820F843F43}.Debug|x86.ActiveCfg = Debug|Win32
		{BAE40A04-CDB1-4E1B-BD4E-EC820F843F43}.Debug|x86.Build.0 = Debug|Win32
		{BAE40A04-CDB1-4E1B-BD4E-EC820F843F43}.Release|Any CPU.ActiveCfg = Release|Win32
		{BAE40A04-CDB1-4E1B-BD4E-EC820F843F43}.Release|x64.ActiveCfg = Release|x64
		{BAE40A04-CDB1-4E1B-BD4E-EC820F843F43}.Release|x64.Build.0 = Release|x64
		{BAE40A04-CDB1-4E1B-BD4E-EC820F843F43}.Release|x86.ActiveCfg = Release|Win32
		{BAE40A04-CDB1-4E1B-BD4E-EC820F843F43}.Release|x86.Build.0 = Release|Win32
	EndGlobalSection
	GlobalSection(SolutionProperties) = preSolution
		HideSolutionNode = FALSE
	EndGlobalSection
	GlobalSection(ExtensibilityGlobals) = postSolution
		SolutionGuid = {6087E5D1-978C-4233-A250-29A32C6AB9EF}
	EndGlobalSection
EndGlobal
