
Microsoft Visual Studio Solution File, Format Version 12.00
# Visual Studio Version 17
VisualStudioVersion = 17.1.32210.238
MinimumVisualStudioVersion = 10.0.40219.1
Project("{9A19103F-16F7-4668-BE54-9A1E7A4F7556}") = "Zeze", "Zeze\Zeze.csproj", "{B19CB676-4FA8-4D9D-8CB4-5FCDACD1D602}"
EndProject
Project("{9A19103F-16F7-4668-BE54-9A1E7A4F7556}") = "UnitTest", "UnitTest\UnitTest.csproj", "{392881A7-5440-4086-B1B4-591B0BB56BDB}"
EndProject
Project("{9A19103F-16F7-4668-BE54-9A1E7A4F7556}") = "Gen", "Gen\Gen.csproj", "{B4F6AA2D-57FD-4E7D-A959-42BB61627C75}"
EndProject
Project("{9092AA53-FB77-4645-B42D-1CCCA6BD08BD}") = "TypeScript", "TypeScript\TypeScript.njsproj", "{CCD64D44-4DBD-40E7-A722-AAD8429BDF7C}"
EndProject
Project("{FAE04EC0-301F-11D3-BF4B-00C04F79EFBC}") = "ConfigEditor", "ConfigEditor\ConfigEditor.csproj", "{47A02627-AFEB-4322-B8BD-BF95FE7108C2}"
EndProject
Project("{9A19103F-16F7-4668-BE54-9A1E7A4F7556}") = "TestMain", "TestMain\TestMain.csproj", "{9BFEC4FC-040A-4F40-853B-A462A074E86C}"
EndProject
Project("{9A19103F-16F7-4668-BE54-9A1E7A4F7556}") = "Draft", "Draft\Draft.csproj", "{1E3E6056-B32C-4188-8931-A875437AA3A4}"
EndProject
Project("{2150E333-8FDC-42A3-9474-1A3956D46DE8}") = "Solution Items", "Solution Items", "{3469E403-2E93-47E5-A2F7-7C750C885248}"
	ProjectSection(SolutionItems) = preProject
		.editorconfig = .editorconfig
	EndProjectSection
EndProject
Project("{2150E333-8FDC-42A3-9474-1A3956D46DE8}") = "Others", "Others", "{9654016A-140D-4C9B-99EC-9FFDE64D75EF}"
EndProject
Project("{9A19103F-16F7-4668-BE54-9A1E7A4F7556}") = "client", "Sample\client\client.csproj", "{224DDC52-29A2-48CC-B81A-8B922E3FAD99}"
EndProject
Project("{9A19103F-16F7-4668-BE54-9A1E7A4F7556}") = "linkd", "Sample\linkd\linkd.csproj", "{38E5EF47-C4F3-45C1-9F11-D52DB76DF660}"
EndProject
Project("{9A19103F-16F7-4668-BE54-9A1E7A4F7556}") = "server", "Sample\server\server.csproj", "{F5C9D78C-7F8A-44E0-BCF4-A5EA94EBB43E}"
EndProject
Project("{9A19103F-16F7-4668-BE54-9A1E7A4F7556}") = "Daemon", "Daemon\Daemon.csproj", "{3B8A8550-F719-43A9-87E8-F99B65AEE298}"
EndProject
Project("{9A19103F-16F7-4668-BE54-9A1E7A4F7556}") = "Zege", "Zege\Zege.csproj", "{BF6DE2C2-94F8-48EC-8851-033CE044170E}"
EndProject
Project("{FAE04EC0-301F-11D3-BF4B-00C04F79EFBC}") = "confcs", "confcs\confcs.csproj", "{51933975-1A63-4210-88C0-2B0633FFA3A4}"
EndProject
Global
	GlobalSection(SolutionConfigurationPlatforms) = preSolution
		Debug|Any CPU = Debug|Any CPU
		Debug|x64 = Debug|x64
		Debug|x86 = Debug|x86
		Release|Any CPU = Release|Any CPU
		Release|x64 = Release|x64
		Release|x86 = Release|x86
	EndGlobalSection
	GlobalSection(ProjectConfigurationPlatforms) = postSolution
		{B19CB676-4FA8-4D9D-8CB4-5FCDACD1D602}.Debug|Any CPU.ActiveCfg = Debug|Any CPU
		{B19CB676-4FA8-4D9D-8CB4-5FCDACD1D602}.Debug|Any CPU.Build.0 = Debug|Any CPU
		{B19CB676-4FA8-4D9D-8CB4-5FCDACD1D602}.Debug|x64.ActiveCfg = Debug|Any CPU
		{B19CB676-4FA8-4D9D-8CB4-5FCDACD1D602}.Debug|x64.Build.0 = Debug|Any CPU
		{B19CB676-4FA8-4D9D-8CB4-5FCDACD1D602}.Debug|x86.ActiveCfg = Debug|Any CPU
		{B19CB676-4FA8-4D9D-8CB4-5FCDACD1D602}.Debug|x86.Build.0 = Debug|Any CPU
		{B19CB676-4FA8-4D9D-8CB4-5FCDACD1D602}.Release|Any CPU.ActiveCfg = Release|Any CPU
		{B19CB676-4FA8-4D9D-8CB4-5FCDACD1D602}.Release|Any CPU.Build.0 = Release|Any CPU
		{B19CB676-4FA8-4D9D-8CB4-5FCDACD1D602}.Release|x64.ActiveCfg = Release|Any CPU
		{B19CB676-4FA8-4D9D-8CB4-5FCDACD1D602}.Release|x64.Build.0 = Release|Any CPU
		{B19CB676-4FA8-4D9D-8CB4-5FCDACD1D602}.Release|x86.ActiveCfg = Release|Any CPU
		{B19CB676-4FA8-4D9D-8CB4-5FCDACD1D602}.Release|x86.Build.0 = Release|Any CPU
		{392881A7-5440-4086-B1B4-591B0BB56BDB}.Debug|Any CPU.ActiveCfg = Debug|Any CPU
		{392881A7-5440-4086-B1B4-591B0BB56BDB}.Debug|Any CPU.Build.0 = Debug|Any CPU
		{392881A7-5440-4086-B1B4-591B0BB56BDB}.Debug|x64.ActiveCfg = Debug|Any CPU
		{392881A7-5440-4086-B1B4-591B0BB56BDB}.Debug|x64.Build.0 = Debug|Any CPU
		{392881A7-5440-4086-B1B4-591B0BB56BDB}.Debug|x86.ActiveCfg = Debug|Any CPU
		{392881A7-5440-4086-B1B4-591B0BB56BDB}.Debug|x86.Build.0 = Debug|Any CPU
		{392881A7-5440-4086-B1B4-591B0BB56BDB}.Release|Any CPU.ActiveCfg = Release|Any CPU
		{392881A7-5440-4086-B1B4-591B0BB56BDB}.Release|Any CPU.Build.0 = Release|Any CPU
		{392881A7-5440-4086-B1B4-591B0BB56BDB}.Release|x64.ActiveCfg = Release|Any CPU
		{392881A7-5440-4086-B1B4-591B0BB56BDB}.Release|x64.Build.0 = Release|Any CPU
		{392881A7-5440-4086-B1B4-591B0BB56BDB}.Release|x86.ActiveCfg = Release|Any CPU
		{392881A7-5440-4086-B1B4-591B0BB56BDB}.Release|x86.Build.0 = Release|Any CPU
		{B4F6AA2D-57FD-4E7D-A959-42BB61627C75}.Debug|Any CPU.ActiveCfg = Debug|Any CPU
		{B4F6AA2D-57FD-4E7D-A959-42BB61627C75}.Debug|Any CPU.Build.0 = Debug|Any CPU
		{B4F6AA2D-57FD-4E7D-A959-42BB61627C75}.Debug|x64.ActiveCfg = Debug|Any CPU
		{B4F6AA2D-57FD-4E7D-A959-42BB61627C75}.Debug|x64.Build.0 = Debug|Any CPU
		{B4F6AA2D-57FD-4E7D-A959-42BB61627C75}.Debug|x86.ActiveCfg = Debug|Any CPU
		{B4F6AA2D-57FD-4E7D-A959-42BB61627C75}.Debug|x86.Build.0 = Debug|Any CPU
		{B4F6AA2D-57FD-4E7D-A959-42BB61627C75}.Release|Any CPU.ActiveCfg = Release|Any CPU
		{B4F6AA2D-57FD-4E7D-A959-42BB61627C75}.Release|Any CPU.Build.0 = Release|Any CPU
		{B4F6AA2D-57FD-4E7D-A959-42BB61627C75}.Release|x64.ActiveCfg = Release|Any CPU
		{B4F6AA2D-57FD-4E7D-A959-42BB61627C75}.Release|x64.Build.0 = Release|Any CPU
		{B4F6AA2D-57FD-4E7D-A959-42BB61627C75}.Release|x86.ActiveCfg = Release|Any CPU
		{B4F6AA2D-57FD-4E7D-A959-42BB61627C75}.Release|x86.Build.0 = Release|Any CPU
		{CCD64D44-4DBD-40E7-A722-AAD8429BDF7C}.Debug|Any CPU.ActiveCfg = Debug|Any CPU
		{CCD64D44-4DBD-40E7-A722-AAD8429BDF7C}.Debug|Any CPU.Build.0 = Debug|Any CPU
		{CCD64D44-4DBD-40E7-A722-AAD8429BDF7C}.Debug|x64.ActiveCfg = Debug|Any CPU
		{CCD64D44-4DBD-40E7-A722-AAD8429BDF7C}.Debug|x64.Build.0 = Debug|Any CPU
		{CCD64D44-4DBD-40E7-A722-AAD8429BDF7C}.Debug|x86.ActiveCfg = Debug|Any CPU
		{CCD64D44-4DBD-40E7-A722-AAD8429BDF7C}.Debug|x86.Build.0 = Debug|Any CPU
		{CCD64D44-4DBD-40E7-A722-AAD8429BDF7C}.Release|Any CPU.ActiveCfg = Release|Any CPU
		{CCD64D44-4DBD-40E7-A722-AAD8429BDF7C}.Release|Any CPU.Build.0 = Release|Any CPU
		{CCD64D44-4DBD-40E7-A722-AAD8429BDF7C}.Release|x64.ActiveCfg = Release|Any CPU
		{CCD64D44-4DBD-40E7-A722-AAD8429BDF7C}.Release|x64.Build.0 = Release|Any CPU
		{CCD64D44-4DBD-40E7-A722-AAD8429BDF7C}.Release|x86.ActiveCfg = Release|Any CPU
		{CCD64D44-4DBD-40E7-A722-AAD8429BDF7C}.Release|x86.Build.0 = Release|Any CPU
		{47A02627-AFEB-4322-B8BD-BF95FE7108C2}.Debug|Any CPU.ActiveCfg = Debug|Any CPU
		{47A02627-AFEB-4322-B8BD-BF95FE7108C2}.Debug|Any CPU.Build.0 = Debug|Any CPU
		{47A02627-AFEB-4322-B8BD-BF95FE7108C2}.Debug|x64.ActiveCfg = Debug|Any CPU
		{47A02627-AFEB-4322-B8BD-BF95FE7108C2}.Debug|x64.Build.0 = Debug|Any CPU
		{47A02627-AFEB-4322-B8BD-BF95FE7108C2}.Debug|x86.ActiveCfg = Debug|Any CPU
		{47A02627-AFEB-4322-B8BD-BF95FE7108C2}.Debug|x86.Build.0 = Debug|Any CPU
		{47A02627-AFEB-4322-B8BD-BF95FE7108C2}.Release|Any CPU.ActiveCfg = Release|Any CPU
		{47A02627-AFEB-4322-B8BD-BF95FE7108C2}.Release|Any CPU.Build.0 = Release|Any CPU
		{47A02627-AFEB-4322-B8BD-BF95FE7108C2}.Release|x64.ActiveCfg = Release|Any CPU
		{47A02627-AFEB-4322-B8BD-BF95FE7108C2}.Release|x64.Build.0 = Release|Any CPU
		{47A02627-AFEB-4322-B8BD-BF95FE7108C2}.Release|x86.ActiveCfg = Release|Any CPU
		{47A02627-AFEB-4322-B8BD-BF95FE7108C2}.Release|x86.Build.0 = Release|Any CPU
		{9BFEC4FC-040A-4F40-853B-A462A074E86C}.Debug|Any CPU.ActiveCfg = Debug|Any CPU
		{9BFEC4FC-040A-4F40-853B-A462A074E86C}.Debug|Any CPU.Build.0 = Debug|Any CPU
		{9BFEC4FC-040A-4F40-853B-A462A074E86C}.Debug|x64.ActiveCfg = Debug|Any CPU
		{9BFEC4FC-040A-4F40-853B-A462A074E86C}.Debug|x64.Build.0 = Debug|Any CPU
		{9BFEC4FC-040A-4F40-853B-A462A074E86C}.Debug|x86.ActiveCfg = Debug|Any CPU
		{9BFEC4FC-040A-4F40-853B-A462A074E86C}.Debug|x86.Build.0 = Debug|Any CPU
		{9BFEC4FC-040A-4F40-853B-A462A074E86C}.Release|Any CPU.ActiveCfg = Release|Any CPU
		{9BFEC4FC-040A-4F40-853B-A462A074E86C}.Release|Any CPU.Build.0 = Release|Any CPU
		{9BFEC4FC-040A-4F40-853B-A462A074E86C}.Release|x64.ActiveCfg = Release|Any CPU
		{9BFEC4FC-040A-4F40-853B-A462A074E86C}.Release|x64.Build.0 = Release|Any CPU
		{9BFEC4FC-040A-4F40-853B-A462A074E86C}.Release|x86.ActiveCfg = Release|Any CPU
		{9BFEC4FC-040A-4F40-853B-A462A074E86C}.Release|x86.Build.0 = Release|Any CPU
		{1E3E6056-B32C-4188-8931-A875437AA3A4}.Debug|Any CPU.ActiveCfg = Debug|Any CPU
		{1E3E6056-B32C-4188-8931-A875437AA3A4}.Debug|Any CPU.Build.0 = Debug|Any CPU
		{1E3E6056-B32C-4188-8931-A875437AA3A4}.Debug|x64.ActiveCfg = Debug|Any CPU
		{1E3E6056-B32C-4188-8931-A875437AA3A4}.Debug|x64.Build.0 = Debug|Any CPU
		{1E3E6056-B32C-4188-8931-A875437AA3A4}.Debug|x86.ActiveCfg = Debug|Any CPU
		{1E3E6056-B32C-4188-8931-A875437AA3A4}.Debug|x86.Build.0 = Debug|Any CPU
		{1E3E6056-B32C-4188-8931-A875437AA3A4}.Release|Any CPU.ActiveCfg = Release|Any CPU
		{1E3E6056-B32C-4188-8931-A875437AA3A4}.Release|Any CPU.Build.0 = Release|Any CPU
		{1E3E6056-B32C-4188-8931-A875437AA3A4}.Release|x64.ActiveCfg = Release|Any CPU
		{1E3E6056-B32C-4188-8931-A875437AA3A4}.Release|x64.Build.0 = Release|Any CPU
		{1E3E6056-B32C-4188-8931-A875437AA3A4}.Release|x86.ActiveCfg = Release|Any CPU
		{1E3E6056-B32C-4188-8931-A875437AA3A4}.Release|x86.Build.0 = Release|Any CPU
		{224DDC52-29A2-48CC-B81A-8B922E3FAD99}.Debug|Any CPU.ActiveCfg = Debug|Any CPU
		{224DDC52-29A2-48CC-B81A-8B922E3FAD99}.Debug|Any CPU.Build.0 = Debug|Any CPU
		{224DDC52-29A2-48CC-B81A-8B922E3FAD99}.Debug|x64.ActiveCfg = Debug|Any CPU
		{224DDC52-29A2-48CC-B81A-8B922E3FAD99}.Debug|x64.Build.0 = Debug|Any CPU
		{224DDC52-29A2-48CC-B81A-8B922E3FAD99}.Debug|x86.ActiveCfg = Debug|Any CPU
		{224DDC52-29A2-48CC-B81A-8B922E3FAD99}.Debug|x86.Build.0 = Debug|Any CPU
		{224DDC52-29A2-48CC-B81A-8B922E3FAD99}.Release|Any CPU.ActiveCfg = Release|Any CPU
		{224DDC52-29A2-48CC-B81A-8B922E3FAD99}.Release|Any CPU.Build.0 = Release|Any CPU
		{224DDC52-29A2-48CC-B81A-8B922E3FAD99}.Release|x64.ActiveCfg = Release|Any CPU
		{224DDC52-29A2-48CC-B81A-8B922E3FAD99}.Release|x64.Build.0 = Release|Any CPU
		{224DDC52-29A2-48CC-B81A-8B922E3FAD99}.Release|x86.ActiveCfg = Release|Any CPU
		{224DDC52-29A2-48CC-B81A-8B922E3FAD99}.Release|x86.Build.0 = Release|Any CPU
		{38E5EF47-C4F3-45C1-9F11-D52DB76DF660}.Debug|Any CPU.ActiveCfg = Debug|Any CPU
		{38E5EF47-C4F3-45C1-9F11-D52DB76DF660}.Debug|Any CPU.Build.0 = Debug|Any CPU
		{38E5EF47-C4F3-45C1-9F11-D52DB76DF660}.Debug|x64.ActiveCfg = Debug|Any CPU
		{38E5EF47-C4F3-45C1-9F11-D52DB76DF660}.Debug|x64.Build.0 = Debug|Any CPU
		{38E5EF47-C4F3-45C1-9F11-D52DB76DF660}.Debug|x86.ActiveCfg = Debug|Any CPU
		{38E5EF47-C4F3-45C1-9F11-D52DB76DF660}.Debug|x86.Build.0 = Debug|Any CPU
		{38E5EF47-C4F3-45C1-9F11-D52DB76DF660}.Release|Any CPU.ActiveCfg = Release|Any CPU
		{38E5EF47-C4F3-45C1-9F11-D52DB76DF660}.Release|Any CPU.Build.0 = Release|Any CPU
		{38E5EF47-C4F3-45C1-9F11-D52DB76DF660}.Release|x64.ActiveCfg = Release|Any CPU
		{38E5EF47-C4F3-45C1-9F11-D52DB76DF660}.Release|x64.Build.0 = Release|Any CPU
		{38E5EF47-C4F3-45C1-9F11-D52DB76DF660}.Release|x86.ActiveCfg = Release|Any CPU
		{38E5EF47-C4F3-45C1-9F11-D52DB76DF660}.Release|x86.Build.0 = Release|Any CPU
		{F5C9D78C-7F8A-44E0-BCF4-A5EA94EBB43E}.Debug|Any CPU.ActiveCfg = Debug|Any CPU
		{F5C9D78C-7F8A-44E0-BCF4-A5EA94EBB43E}.Debug|Any CPU.Build.0 = Debug|Any CPU
		{F5C9D78C-7F8A-44E0-BCF4-A5EA94EBB43E}.Debug|x64.ActiveCfg = Debug|Any CPU
		{F5C9D78C-7F8A-44E0-BCF4-A5EA94EBB43E}.Debug|x64.Build.0 = Debug|Any CPU
		{F5C9D78C-7F8A-44E0-BCF4-A5EA94EBB43E}.Debug|x86.ActiveCfg = Debug|Any CPU
		{F5C9D78C-7F8A-44E0-BCF4-A5EA94EBB43E}.Debug|x86.Build.0 = Debug|Any CPU
		{F5C9D78C-7F8A-44E0-BCF4-A5EA94EBB43E}.Release|Any CPU.ActiveCfg = Release|Any CPU
		{F5C9D78C-7F8A-44E0-BCF4-A5EA94EBB43E}.Release|Any CPU.Build.0 = Release|Any CPU
		{F5C9D78C-7F8A-44E0-BCF4-A5EA94EBB43E}.Release|x64.ActiveCfg = Release|Any CPU
		{F5C9D78C-7F8A-44E0-BCF4-A5EA94EBB43E}.Release|x64.Build.0 = Release|Any CPU
		{F5C9D78C-7F8A-44E0-BCF4-A5EA94EBB43E}.Release|x86.ActiveCfg = Release|Any CPU
		{F5C9D78C-7F8A-44E0-BCF4-A5EA94EBB43E}.Release|x86.Build.0 = Release|Any CPU
		{3B8A8550-F719-43A9-87E8-F99B65AEE298}.Debug|Any CPU.ActiveCfg = Debug|Any CPU
		{3B8A8550-F719-43A9-87E8-F99B65AEE298}.Debug|Any CPU.Build.0 = Debug|Any CPU
		{3B8A8550-F719-43A9-87E8-F99B65AEE298}.Debug|x64.ActiveCfg = Debug|Any CPU
		{3B8A8550-F719-43A9-87E8-F99B65AEE298}.Debug|x64.Build.0 = Debug|Any CPU
		{3B8A8550-F719-43A9-87E8-F99B65AEE298}.Debug|x86.ActiveCfg = Debug|Any CPU
		{3B8A8550-F719-43A9-87E8-F99B65AEE298}.Debug|x86.Build.0 = Debug|Any CPU
		{3B8A8550-F719-43A9-87E8-F99B65AEE298}.Release|Any CPU.ActiveCfg = Release|Any CPU
		{3B8A8550-F719-43A9-87E8-F99B65AEE298}.Release|Any CPU.Build.0 = Release|Any CPU
		{3B8A8550-F719-43A9-87E8-F99B65AEE298}.Release|x64.ActiveCfg = Release|Any CPU
		{3B8A8550-F719-43A9-87E8-F99B65AEE298}.Release|x64.Build.0 = Release|Any CPU
		{3B8A8550-F719-43A9-87E8-F99B65AEE298}.Release|x86.ActiveCfg = Release|Any CPU
		{3B8A8550-F719-43A9-87E8-F99B65AEE298}.Release|x86.Build.0 = Release|Any CPU
		{BF6DE2C2-94F8-48EC-8851-033CE044170E}.Debug|Any CPU.ActiveCfg = Debug|Any CPU
		{BF6DE2C2-94F8-48EC-8851-033CE044170E}.Debug|Any CPU.Build.0 = Debug|Any CPU
		{BF6DE2C2-94F8-48EC-8851-033CE044170E}.Debug|Any CPU.Deploy.0 = Debug|Any CPU
		{BF6DE2C2-94F8-48EC-8851-033CE044170E}.Debug|x64.ActiveCfg = Debug|Any CPU
		{BF6DE2C2-94F8-48EC-8851-033CE044170E}.Debug|x64.Build.0 = Debug|Any CPU
		{BF6DE2C2-94F8-48EC-8851-033CE044170E}.Debug|x64.Deploy.0 = Debug|Any CPU
		{BF6DE2C2-94F8-48EC-8851-033CE044170E}.Debug|x86.ActiveCfg = Debug|Any CPU
		{BF6DE2C2-94F8-48EC-8851-033CE044170E}.Debug|x86.Build.0 = Debug|Any CPU
		{BF6DE2C2-94F8-48EC-8851-033CE044170E}.Debug|x86.Deploy.0 = Debug|Any CPU
		{BF6DE2C2-94F8-48EC-8851-033CE044170E}.Release|Any CPU.ActiveCfg = Release|Any CPU
		{BF6DE2C2-94F8-48EC-8851-033CE044170E}.Release|Any CPU.Build.0 = Release|Any CPU
		{BF6DE2C2-94F8-48EC-8851-033CE044170E}.Release|Any CPU.Deploy.0 = Release|Any CPU
		{BF6DE2C2-94F8-48EC-8851-033CE044170E}.Release|x64.ActiveCfg = Release|Any CPU
		{BF6DE2C2-94F8-48EC-8851-033CE044170E}.Release|x64.Build.0 = Release|Any CPU
		{BF6DE2C2-94F8-48EC-8851-033CE044170E}.Release|x64.Deploy.0 = Release|Any CPU
		{BF6DE2C2-94F8-48EC-8851-033CE044170E}.Release|x86.ActiveCfg = Release|Any CPU
		{BF6DE2C2-94F8-48EC-8851-033CE044170E}.Release|x86.Build.0 = Release|Any CPU
		{BF6DE2C2-94F8-48EC-8851-033CE044170E}.Release|x86.Deploy.0 = Release|Any CPU
		{51933975-1A63-4210-88C0-2B0633FFA3A4}.Debug|Any CPU.ActiveCfg = Debug|Any CPU
		{51933975-1A63-4210-88C0-2B0633FFA3A4}.Debug|Any CPU.Build.0 = Debug|Any CPU
		{51933975-1A63-4210-88C0-2B0633FFA3A4}.Debug|x64.ActiveCfg = Debug|Any CPU
		{51933975-1A63-4210-88C0-2B0633FFA3A4}.Debug|x64.Build.0 = Debug|Any CPU
		{51933975-1A63-4210-88C0-2B0633FFA3A4}.Debug|x86.ActiveCfg = Debug|Any CPU
		{51933975-1A63-4210-88C0-2B0633FFA3A4}.Debug|x86.Build.0 = Debug|Any CPU
		{51933975-1A63-4210-88C0-2B0633FFA3A4}.Release|Any CPU.ActiveCfg = Release|Any CPU
		{51933975-1A63-4210-88C0-2B0633FFA3A4}.Release|Any CPU.Build.0 = Release|Any CPU
		{51933975-1A63-4210-88C0-2B0633FFA3A4}.Release|x64.ActiveCfg = Release|Any CPU
		{51933975-1A63-4210-88C0-2B0633FFA3A4}.Release|x64.Build.0 = Release|Any CPU
		{51933975-1A63-4210-88C0-2B0633FFA3A4}.Release|x86.ActiveCfg = Release|Any CPU
		{51933975-1A63-4210-88C0-2B0633FFA3A4}.Release|x86.Build.0 = Release|Any CPU
	EndGlobalSection
	GlobalSection(SolutionProperties) = preSolution
		HideSolutionNode = FALSE
	EndGlobalSection
	GlobalSection(NestedProjects) = preSolution
		{CCD64D44-4DBD-40E7-A722-AAD8429BDF7C} = {9654016A-140D-4C9B-99EC-9FFDE64D75EF}
		{47A02627-AFEB-4322-B8BD-BF95FE7108C2} = {9654016A-140D-4C9B-99EC-9FFDE64D75EF}
		{9BFEC4FC-040A-4F40-853B-A462A074E86C} = {9654016A-140D-4C9B-99EC-9FFDE64D75EF}
		{1E3E6056-B32C-4188-8931-A875437AA3A4} = {9654016A-140D-4C9B-99EC-9FFDE64D75EF}
		{224DDC52-29A2-48CC-B81A-8B922E3FAD99} = {9654016A-140D-4C9B-99EC-9FFDE64D75EF}
		{38E5EF47-C4F3-45C1-9F11-D52DB76DF660} = {9654016A-140D-4C9B-99EC-9FFDE64D75EF}
		{F5C9D78C-7F8A-44E0-BCF4-A5EA94EBB43E} = {9654016A-140D-4C9B-99EC-9FFDE64D75EF}
		{3B8A8550-F719-43A9-87E8-F99B65AEE298} = {9654016A-140D-4C9B-99EC-9FFDE64D75EF}
		{BF6DE2C2-94F8-48EC-8851-033CE044170E} = {9654016A-140D-4C9B-99EC-9FFDE64D75EF}
	EndGlobalSection
	GlobalSection(ExtensibilityGlobals) = postSolution
		SolutionGuid = {6087E5D1-978C-4233-A250-29A32C6AB9EF}
	EndGlobalSection
EndGlobal
