<?xml version="1.0" encoding="utf-8"?>
<Project ToolsVersion="4.0" xmlns="http://schemas.microsoft.com/developer/msbuild/2003">
  <ItemGroup>
    <Filter Include="Source Files">
      <UniqueIdentifier>{4FC737F1-C7A5-4376-A066-2A32D752A2FF}</UniqueIdentifier>
      <Extensions>cpp;c;cc;cxx;def;odl;idl;hpj;bat;asm;asmx</Extensions>
    </Filter>
    <Filter Include="Header Files">
      <UniqueIdentifier>{93995380-89BD-4b04-88EB-625FBE52EBFB}</UniqueIdentifier>
      <Extensions>h;hh;hpp;hxx;hm;inl;inc;xsd</Extensions>
    </Filter>
    <Filter Include="Resource Files">
      <UniqueIdentifier>{67DA6AB6-F800-4c08-8B7A-83BB121AAD01}</UniqueIdentifier>
      <Extensions>rc;ico;cur;bmp;dlg;rc2;rct;bin;rgs;gif;jpg;jpeg;jpe;resx;tiff;tif;png;wav</Extensions>
    </Filter>
    <Filter Include="cxx">
      <UniqueIdentifier>{67393ae4-e788-440e-8267-4f57a7e2f576}</UniqueIdentifier>
    </Filter>
    <Filter Include="Header Files\Modules">
      <UniqueIdentifier>{e12642bc-d82a-4b2f-be35-b026d7908ba7}</UniqueIdentifier>
    </Filter>
  </ItemGroup>
  <ItemGroup>
    <ClInclude Include="gen\demo\App.h">
      <Filter>Header Files</Filter>
    </ClInclude>
    <ClInclude Include="gen\demo\Bean1.hpp">
      <Filter>Header Files</Filter>
    </ClInclude>
    <ClInclude Include="gen\demo\m6\B67.hpp">
      <Filter>Header Files</Filter>
    </ClInclude>
    <ClInclude Include="gen\demo\m6\m7\B67.hpp">
      <Filter>Header Files</Filter>
    </ClInclude>
    <ClInclude Include="gen\demo\module1\BAutoValue.hpp">
      <Filter>Header Files</Filter>
    </ClInclude>
    <ClInclude Include="gen\demo\module1\BFood.hpp">
      <Filter>Header Files</Filter>
    </ClInclude>
    <ClInclude Include="gen\demo\module1\BItem.hpp">
      <Filter>Header Files</Filter>
    </ClInclude>
    <ClInclude Include="gen\demo\module1\BRemoved2.hpp">
      <Filter>Header Files</Filter>
    </ClInclude>
    <ClInclude Include="gen\demo\module1\BSimple.hpp">
      <Filter>Header Files</Filter>
    </ClInclude>
    <ClInclude Include="gen\demo\module1\BValue.hpp">
      <Filter>Header Files</Filter>
    </ClInclude>
    <ClInclude Include="gen\demo\module2\BValue.hpp">
      <Filter>Header Files</Filter>
    </ClInclude>
    <ClInclude Include="gen\tasktest\taskext\BMyTask01.hpp">
      <Filter>Header Files</Filter>
    </ClInclude>
    <ClInclude Include="gen\tasktest\taskext\BTConditionExploreWorld.hpp">
      <Filter>Header Files</Filter>
    </ClInclude>
    <ClInclude Include="gen\tasktest\taskext\BTConditionExploreWorldEvent.hpp">
      <Filter>Header Files</Filter>
    </ClInclude>
    <ClInclude Include="..\cxx\BI.h">
      <Filter>cxx</Filter>
    </ClInclude>
    <ClInclude Include="..\cxx\ByteBuffer.h">
      <Filter>cxx</Filter>
    </ClInclude>
    <ClInclude Include="..\cxx\byteorder.h">
      <Filter>cxx</Filter>
    </ClInclude>
    <ClInclude Include="..\cxx\codec.h">
      <Filter>cxx</Filter>
    </ClInclude>
    <ClInclude Include="..\cxx\common.h">
      <Filter>cxx</Filter>
    </ClInclude>
    <ClInclude Include="..\cxx\dh.h">
      <Filter>cxx</Filter>
    </ClInclude>
    <ClInclude Include="..\cxx\IDecodeAndDispatcher.h">
      <Filter>cxx</Filter>
    </ClInclude>
    <ClInclude Include="..\cxx\Net.h">
      <Filter>cxx</Filter>
    </ClInclude>
    <ClInclude Include="..\cxx\octets.h">
      <Filter>cxx</Filter>
    </ClInclude>
    <ClInclude Include="..\cxx\osdefine.h">
      <Filter>cxx</Filter>
    </ClInclude>
    <ClInclude Include="..\cxx\Protocol.h">
      <Filter>cxx</Filter>
    </ClInclude>
    <ClInclude Include="..\cxx\rfc2118.h">
      <Filter>cxx</Filter>
    </ClInclude>
    <ClInclude Include="..\cxx\security.h">
      <Filter>cxx</Filter>
    </ClInclude>
    <ClInclude Include="..\cxx\utils.h">
      <Filter>cxx</Filter>
    </ClInclude>
    <ClInclude Include="..\cxx\Bean.h">
      <Filter>cxx</Filter>
    </ClInclude>
    <ClInclude Include="..\cxx\Compare.h">
      <Filter>cxx</Filter>
    </ClInclude>
    <ClInclude Include="Gen\demo\Module1\AutoKey.hpp">
      <Filter>Header Files</Filter>
    </ClInclude>
    <ClInclude Include="Gen\demo\Module1\EmptyKey.hpp">
      <Filter>Header Files</Filter>
    </ClInclude>
    <ClInclude Include="Gen\demo\Module1\Key.hpp">
      <Filter>Header Files</Filter>
    </ClInclude>
    <ClInclude Include="Gen\demo\Module1\VectorKey.hpp">
      <Filter>Header Files</Filter>
    </ClInclude>
    <ClInclude Include="..\cxx\Serializable.h">
      <Filter>Header Files</Filter>
    </ClInclude>
    <ClInclude Include="..\cxx\Vector.h">
      <Filter>Header Files</Filter>
    </ClInclude>
    <ClInclude Include="Gen\demo\ClientBase.hpp">
      <Filter>Header Files</Filter>
    </ClInclude>
    <ClInclude Include="demo\Client.h">
      <Filter>Header Files</Filter>
    </ClInclude>
    <ClInclude Include="Gen\demo\Module1\Protocol3.hpp">
      <Filter>Header Files</Filter>
    </ClInclude>
    <ClInclude Include="Gen\demo\Module1\Protocol4.hpp">
      <Filter>Header Files</Filter>
    </ClInclude>
    <ClInclude Include="Gen\demo\Module1\ProtocolNoProcedure.hpp">
      <Filter>Header Files</Filter>
    </ClInclude>
    <ClInclude Include="Gen\demo\Module1\ProtocolUseData.hpp">
      <Filter>Header Files</Filter>
    </ClInclude>
    <ClInclude Include="..\cxx\Rpc.h">
      <Filter>Header Files</Filter>
    </ClInclude>
    <ClInclude Include="Gen\demo\Module1\Rpc1.hpp">
      <Filter>Header Files</Filter>
    </ClInclude>
    <ClInclude Include="Gen\demo\Module1\Rpc2.hpp">
      <Filter>Header Files</Filter>
    </ClInclude>
    <ClInclude Include="..\cxx\ResultCode.h">
      <Filter>Header Files</Filter>
    </ClInclude>
    <ClInclude Include="..\cxx\TaskCompletionSource.h">
      <Filter>Header Files</Filter>
    </ClInclude>
    <ClInclude Include="Gen\demo\Module1\AbstractModule.hpp">
      <Filter>Header Files\Modules</Filter>
    </ClInclude>
    <ClInclude Include="demo\Module1\ModuleModule1.h">
      <Filter>Header Files\Modules</Filter>
    </ClInclude>
    <ClInclude Include="..\cxx\IModule.h">
      <Filter>cxx</Filter>
    </ClInclude>
  </ItemGroup>
  <ItemGroup>
    <ClCompile Include="..\cxx\BI.c">
      <Filter>cxx</Filter>
    </ClCompile>
    <ClCompile Include="..\cxx\codec.cpp">
      <Filter>cxx</Filter>
    </ClCompile>
    <ClCompile Include="..\cxx\dh.cpp">
      <Filter>cxx</Filter>
    </ClCompile>
    <ClCompile Include="..\cxx\Net.cpp">
      <Filter>cxx</Filter>
    </ClCompile>
    <ClCompile Include="..\cxx\octets.cpp">
      <Filter>cxx</Filter>
    </ClCompile>
    <ClCompile Include="..\cxx\Protocol.cpp">
      <Filter>cxx</Filter>
    </ClCompile>
    <ClCompile Include="..\cxx\rfc2118.cpp">
      <Filter>cxx</Filter>
    </ClCompile>
    <ClCompile Include="..\cxx\security.cpp">
      <Filter>cxx</Filter>
    </ClCompile>
    <ClCompile Include="..\cxx\utils.cpp">
      <Filter>cxx</Filter>
    </ClCompile>
    <ClCompile Include="main.cpp">
      <Filter>Source Files</Filter>
    </ClCompile>
    <ClCompile Include="..\cxx\ByteBuffer.cpp">
      <Filter>cxx</Filter>
    </ClCompile>
    <ClCompile Include="..\cxx\Vector.cpp">
      <Filter>cxx</Filter>
    </ClCompile>
  </ItemGroup>
</Project>