<?xml version="1.0" encoding="utf-8"?>
<Project ToolsVersion="4.0" xmlns="http://schemas.microsoft.com/developer/msbuild/2003">
  <ItemGroup>
    <Filter Include="cxx">
      <UniqueIdentifier>{00000000-0000-0000-0000-000000000001}</UniqueIdentifier>
    </Filter>
    <Filter Include="CxxTest">
      <UniqueIdentifier>{00000000-0000-0000-0000-000000000002}</UniqueIdentifier>
    </Filter>
    <Filter Include="CxxTest\demo">
      <UniqueIdentifier>{00000000-0000-0000-0000-000000000003}</UniqueIdentifier>
    </Filter>
    <Filter Include="CxxTest\demo\M6">
      <UniqueIdentifier>{00000000-0000-0000-0000-000000000004}</UniqueIdentifier>
    </Filter>
    <Filter Include="CxxTest\demo\M6\M7">
      <UniqueIdentifier>{00000000-0000-0000-0000-000000000005}</UniqueIdentifier>
    </Filter>
    <Filter Include="CxxTest\demo\Module1">
      <UniqueIdentifier>{00000000-0000-0000-0000-000000000006}</UniqueIdentifier>
    </Filter>
    <Filter Include="CxxTest\demo\Module1\Module11">
      <UniqueIdentifier>{00000000-0000-0000-0000-000000000007}</UniqueIdentifier>
    </Filter>
    <Filter Include="CxxTest\Gen">
      <UniqueIdentifier>{00000000-0000-0000-0000-000000000008}</UniqueIdentifier>
    </Filter>
    <Filter Include="CxxTest\Gen\demo">
      <UniqueIdentifier>{00000000-0000-0000-0000-000000000009}</UniqueIdentifier>
    </Filter>
    <Filter Include="CxxTest\Gen\demo\M6">
      <UniqueIdentifier>{00000000-0000-0000-0000-00000000000a}</UniqueIdentifier>
    </Filter>
    <Filter Include="CxxTest\Gen\demo\M6\M7">
      <UniqueIdentifier>{00000000-0000-0000-0000-00000000000b}</UniqueIdentifier>
    </Filter>
    <Filter Include="CxxTest\Gen\demo\Module1">
      <UniqueIdentifier>{00000000-0000-0000-0000-00000000000c}</UniqueIdentifier>
    </Filter>
    <Filter Include="CxxTest\Gen\demo\Module1\Module11">
      <UniqueIdentifier>{00000000-0000-0000-0000-00000000000d}</UniqueIdentifier>
    </Filter>
    <Filter Include="CxxTest\Gen\demo\Module2">
      <UniqueIdentifier>{00000000-0000-0000-0000-00000000000e}</UniqueIdentifier>
    </Filter>
    <Filter Include="CxxTest\Gen\TaskTest">
      <UniqueIdentifier>{00000000-0000-0000-0000-00000000000f}</UniqueIdentifier>
    </Filter>
    <Filter Include="CxxTest\Gen\TaskTest\TaskExt">
      <UniqueIdentifier>{00000000-0000-0000-0000-000000000010}</UniqueIdentifier>
    </Filter>
    <Filter Include="CxxTest\TaskTest">
      <UniqueIdentifier>{00000000-0000-0000-0000-000000000011}</UniqueIdentifier>
    </Filter>
    <Filter Include="CxxTest\TaskTest\TaskExt">
      <UniqueIdentifier>{00000000-0000-0000-0000-000000000012}</UniqueIdentifier>
    </Filter>
  </ItemGroup>
  <ItemGroup>
    <ClCompile Include="..\cxx\BI.c">
      <Filter>cxx</Filter>
    </ClCompile>
    <ClCompile Include="..\cxx\ByteBuffer.cpp">
      <Filter>cxx</Filter>
    </ClCompile>
    <ClCompile Include="..\cxx\codec.cpp">
      <Filter>cxx</Filter>
    </ClCompile>
    <ClCompile Include="..\cxx\dh.cpp">
      <Filter>cxx</Filter>
    </ClCompile>
    <ClCompile Include="..\cxx\Net.cpp">
      <Filter>cxx</Filter>
    </ClCompile>
    <ClCompile Include="..\cxx\octets.cpp">
      <Filter>cxx</Filter>
    </ClCompile>
    <ClCompile Include="..\cxx\Protocol.cpp">
      <Filter>cxx</Filter>
    </ClCompile>
    <ClCompile Include="..\cxx\rfc2118.cpp">
      <Filter>cxx</Filter>
    </ClCompile>
    <ClCompile Include="..\cxx\security.cpp">
      <Filter>cxx</Filter>
    </ClCompile>
    <ClCompile Include="..\cxx\ToLua.cpp">
      <Filter>cxx</Filter>
    </ClCompile>
    <ClCompile Include="..\cxx\utils.cpp">
      <Filter>cxx</Filter>
    </ClCompile>
    <ClCompile Include="..\cxx\Vector.cpp">
      <Filter>cxx</Filter>
    </ClCompile>
    <ClCompile Include="..\CxxTest\demo\M6\M7\ModuleM7.cpp">
      <Filter>CxxTest\demo\M6\M7</Filter>
    </ClCompile>
    <ClCompile Include="..\CxxTest\demo\M6\ModuleM6.cpp">
      <Filter>CxxTest\demo\M6</Filter>
    </ClCompile>
    <ClCompile Include="..\CxxTest\demo\Module1\Module11\ModuleModule11.cpp">
      <Filter>CxxTest\demo\Module1\Module11</Filter>
    </ClCompile>
    <ClCompile Include="..\CxxTest\demo\Module1\ModuleModule1.cpp">
      <Filter>CxxTest\demo\Module1</Filter>
    </ClCompile>
    <ClCompile Include="..\CxxTest\Gen\demo\Bean1.cpp">
      <Filter>CxxTest\Gen\demo</Filter>
    </ClCompile>
    <ClCompile Include="..\CxxTest\Gen\demo\M6\AbstractModule.cpp">
      <Filter>CxxTest\Gen\demo\M6</Filter>
    </ClCompile>
    <ClCompile Include="..\CxxTest\Gen\demo\M6\B67.cpp">
      <Filter>CxxTest\Gen\demo\M6</Filter>
    </ClCompile>
    <ClCompile Include="..\CxxTest\Gen\demo\M6\M7\AbstractModule.cpp">
      <Filter>CxxTest\Gen\demo\M6\M7</Filter>
    </ClCompile>
    <ClCompile Include="..\CxxTest\Gen\demo\M6\M7\B67.cpp">
      <Filter>CxxTest\Gen\demo\M6\M7</Filter>
    </ClCompile>
    <ClCompile Include="..\CxxTest\Gen\demo\Module1\AbstractModule.cpp">
      <Filter>CxxTest\Gen\demo\Module1</Filter>
    </ClCompile>
    <ClCompile Include="..\CxxTest\Gen\demo\Module1\BAutoValue.cpp">
      <Filter>CxxTest\Gen\demo\Module1</Filter>
    </ClCompile>
    <ClCompile Include="..\CxxTest\Gen\demo\Module1\BFood.cpp">
      <Filter>CxxTest\Gen\demo\Module1</Filter>
    </ClCompile>
    <ClCompile Include="..\CxxTest\Gen\demo\Module1\BItem.cpp">
      <Filter>CxxTest\Gen\demo\Module1</Filter>
    </ClCompile>
    <ClCompile Include="..\CxxTest\Gen\demo\Module1\BRemoved2.cpp">
      <Filter>CxxTest\Gen\demo\Module1</Filter>
    </ClCompile>
    <ClCompile Include="..\CxxTest\Gen\demo\Module1\BSimple.cpp">
      <Filter>CxxTest\Gen\demo\Module1</Filter>
    </ClCompile>
    <ClCompile Include="..\CxxTest\Gen\demo\Module1\BValue.cpp">
      <Filter>CxxTest\Gen\demo\Module1</Filter>
    </ClCompile>
    <ClCompile Include="..\CxxTest\Gen\demo\Module1\Module11\AbstractModule.cpp">
      <Filter>CxxTest\Gen\demo\Module1\Module11</Filter>
    </ClCompile>
    <ClCompile Include="..\CxxTest\Gen\demo\Module2\BValue.cpp">
      <Filter>CxxTest\Gen\demo\Module2</Filter>
    </ClCompile>
    <ClCompile Include="..\CxxTest\Gen\TaskTest\TaskExt\AbstractModule.cpp">
      <Filter>CxxTest\Gen\TaskTest\TaskExt</Filter>
    </ClCompile>
    <ClCompile Include="..\CxxTest\Gen\TaskTest\TaskExt\BMyTask01.cpp">
      <Filter>CxxTest\Gen\TaskTest\TaskExt</Filter>
    </ClCompile>
    <ClCompile Include="..\CxxTest\Gen\TaskTest\TaskExt\BTConditionExploreWorld.cpp">
      <Filter>CxxTest\Gen\TaskTest\TaskExt</Filter>
    </ClCompile>
    <ClCompile Include="..\CxxTest\Gen\TaskTest\TaskExt\BTConditionExploreWorldEvent.cpp">
      <Filter>CxxTest\Gen\TaskTest\TaskExt</Filter>
    </ClCompile>
    <ClCompile Include="..\CxxTest\main.cpp">
      <Filter>CxxTest</Filter>
    </ClCompile>
    <ClCompile Include="..\CxxTest\TaskTest\TaskExt\ModuleTaskExt.cpp">
      <Filter>CxxTest\TaskTest\TaskExt</Filter>
    </ClCompile>
    <ClCompile Include="..\CxxTest\TestByteBuffer.cpp">
      <Filter>CxxTest</Filter>
    </ClCompile>
    <ClCompile Include="Gen\demo\Module1\BKuafu.cpp">
      <Filter>CxxTest\Gen\demo\Module1</Filter>
    </ClCompile>
    <ClCompile Include="Gen\demo\Module1\BKuafuResult.cpp">
      <Filter>CxxTest\Gen\demo\Module1</Filter>
    </ClCompile>
    <ClCompile Include="Gen\demo\Module1\BOnlyData.cpp">
      <Filter>CxxTest\Gen\demo\Module1</Filter>
    </ClCompile>
    <ClCompile Include="Gen\demo\Module1\BTestSchemas.cpp">
      <Filter>CxxTest\Gen\demo\Module1</Filter>
    </ClCompile>
    <ClCompile Include="..\cxx\wepoll.c">
      <Filter>cxx</Filter>
    </ClCompile>
  </ItemGroup>
  <ItemGroup>
    <ClInclude Include="..\cxx\Bean.h">
      <Filter>cxx</Filter>
    </ClInclude>
    <ClInclude Include="..\cxx\BI.h">
      <Filter>cxx</Filter>
    </ClInclude>
    <ClInclude Include="..\cxx\ByteBuffer.h">
      <Filter>cxx</Filter>
    </ClInclude>
    <ClInclude Include="..\cxx\byteorder.h">
      <Filter>cxx</Filter>
    </ClInclude>
    <ClInclude Include="..\cxx\codec.h">
      <Filter>cxx</Filter>
    </ClInclude>
    <ClInclude Include="..\cxx\common.h">
      <Filter>cxx</Filter>
    </ClInclude>
    <ClInclude Include="..\cxx\Compare.h">
      <Filter>cxx</Filter>
    </ClInclude>
    <ClInclude Include="..\cxx\dh.h">
      <Filter>cxx</Filter>
    </ClInclude>
    <ClInclude Include="..\cxx\IDecodeAndDispatcher.h">
      <Filter>cxx</Filter>
    </ClInclude>
    <ClInclude Include="..\cxx\IModule.h">
      <Filter>cxx</Filter>
    </ClInclude>
    <ClInclude Include="..\cxx\luaheader.h">
      <Filter>cxx</Filter>
    </ClInclude>
    <ClInclude Include="..\cxx\LuaHelper.h">
      <Filter>cxx</Filter>
    </ClInclude>
    <ClInclude Include="..\cxx\Net.h">
      <Filter>cxx</Filter>
    </ClInclude>
    <ClInclude Include="..\cxx\octets.h">
      <Filter>cxx</Filter>
    </ClInclude>
    <ClInclude Include="..\cxx\osdefine.h">
      <Filter>cxx</Filter>
    </ClInclude>
    <ClInclude Include="..\cxx\Protocol.h">
      <Filter>cxx</Filter>
    </ClInclude>
    <ClInclude Include="..\cxx\ResultCode.h">
      <Filter>cxx</Filter>
    </ClInclude>
    <ClInclude Include="..\cxx\rfc2118.h">
      <Filter>cxx</Filter>
    </ClInclude>
    <ClInclude Include="..\cxx\Rpc.h">
      <Filter>cxx</Filter>
    </ClInclude>
    <ClInclude Include="..\cxx\security.h">
      <Filter>cxx</Filter>
    </ClInclude>
    <ClInclude Include="..\cxx\Serializable.h">
      <Filter>cxx</Filter>
    </ClInclude>
    <ClInclude Include="..\cxx\TaskCompletionSource.h">
      <Filter>cxx</Filter>
    </ClInclude>
    <ClInclude Include="..\cxx\ToLua.h">
      <Filter>cxx</Filter>
    </ClInclude>
    <ClInclude Include="..\cxx\ToLuaService.h">
      <Filter>cxx</Filter>
    </ClInclude>
    <ClInclude Include="..\cxx\ToTypeScriptService.h">
      <Filter>cxx</Filter>
    </ClInclude>
    <ClInclude Include="..\cxx\utils.h">
      <Filter>cxx</Filter>
    </ClInclude>
    <ClInclude Include="..\cxx\Vector.h">
      <Filter>cxx</Filter>
    </ClInclude>
    <ClInclude Include="..\CxxTest\demo\TestClient.h">
      <Filter>CxxTest\demo</Filter>
    </ClInclude>
    <ClInclude Include="..\CxxTest\demo\M6\ModuleM6.h">
      <Filter>CxxTest\demo\M6</Filter>
    </ClInclude>
    <ClInclude Include="..\CxxTest\demo\M6\M7\ModuleM7.h">
      <Filter>CxxTest\demo\M6\M7</Filter>
    </ClInclude>
    <ClInclude Include="..\CxxTest\demo\Module1\ModuleModule1.h">
      <Filter>CxxTest\demo\Module1</Filter>
    </ClInclude>
    <ClInclude Include="..\CxxTest\demo\Module1\Module11\ModuleModule11.h">
      <Filter>CxxTest\demo\Module1\Module11</Filter>
    </ClInclude>
    <ClInclude Include="..\CxxTest\Gen\demo\App.h">
      <Filter>CxxTest\Gen\demo</Filter>
    </ClInclude>
    <ClInclude Include="..\CxxTest\Gen\demo\Bean1.hpp">
      <Filter>CxxTest\Gen\demo</Filter>
    </ClInclude>
    <ClInclude Include="..\CxxTest\Gen\demo\TestClientBase.hpp">
      <Filter>CxxTest\Gen\demo</Filter>
    </ClInclude>
    <ClInclude Include="..\CxxTest\Gen\demo\M6\AbstractModule.hpp">
      <Filter>CxxTest\Gen\demo\M6</Filter>
    </ClInclude>
    <ClInclude Include="..\CxxTest\Gen\demo\M6\B67.hpp">
      <Filter>CxxTest\Gen\demo\M6</Filter>
    </ClInclude>
    <ClInclude Include="..\CxxTest\Gen\demo\M6\M7\AbstractModule.hpp">
      <Filter>CxxTest\Gen\demo\M6\M7</Filter>
    </ClInclude>
    <ClInclude Include="..\CxxTest\Gen\demo\M6\M7\B67.hpp">
      <Filter>CxxTest\Gen\demo\M6\M7</Filter>
    </ClInclude>
    <ClInclude Include="..\CxxTest\Gen\demo\Module1\AbstractModule.hpp">
      <Filter>CxxTest\Gen\demo\Module1</Filter>
    </ClInclude>
    <ClInclude Include="..\CxxTest\Gen\demo\Module1\AutoKey.hpp">
      <Filter>CxxTest\Gen\demo\Module1</Filter>
    </ClInclude>
    <ClInclude Include="..\CxxTest\Gen\demo\Module1\BAutoValue.hpp">
      <Filter>CxxTest\Gen\demo\Module1</Filter>
    </ClInclude>
    <ClInclude Include="..\CxxTest\Gen\demo\Module1\BFood.hpp">
      <Filter>CxxTest\Gen\demo\Module1</Filter>
    </ClInclude>
    <ClInclude Include="..\CxxTest\Gen\demo\Module1\BItem.hpp">
      <Filter>CxxTest\Gen\demo\Module1</Filter>
    </ClInclude>
    <ClInclude Include="..\CxxTest\Gen\demo\Module1\BRemoved2.hpp">
      <Filter>CxxTest\Gen\demo\Module1</Filter>
    </ClInclude>
    <ClInclude Include="..\CxxTest\Gen\demo\Module1\BSimple.hpp">
      <Filter>CxxTest\Gen\demo\Module1</Filter>
    </ClInclude>
    <ClInclude Include="..\CxxTest\Gen\demo\Module1\BValue.hpp">
      <Filter>CxxTest\Gen\demo\Module1</Filter>
    </ClInclude>
    <ClInclude Include="..\CxxTest\Gen\demo\Module1\EmptyKey.hpp">
      <Filter>CxxTest\Gen\demo\Module1</Filter>
    </ClInclude>
    <ClInclude Include="..\CxxTest\Gen\demo\Module1\Key.hpp">
      <Filter>CxxTest\Gen\demo\Module1</Filter>
    </ClInclude>
    <ClInclude Include="..\CxxTest\Gen\demo\Module1\Protocol3.hpp">
      <Filter>CxxTest\Gen\demo\Module1</Filter>
    </ClInclude>
    <ClInclude Include="..\CxxTest\Gen\demo\Module1\Protocol4.hpp">
      <Filter>CxxTest\Gen\demo\Module1</Filter>
    </ClInclude>
    <ClInclude Include="..\CxxTest\Gen\demo\Module1\ProtocolNoProcedure.hpp">
      <Filter>CxxTest\Gen\demo\Module1</Filter>
    </ClInclude>
    <ClInclude Include="..\CxxTest\Gen\demo\Module1\ProtocolUseData.hpp">
      <Filter>CxxTest\Gen\demo\Module1</Filter>
    </ClInclude>
    <ClInclude Include="..\CxxTest\Gen\demo\Module1\Rpc1.hpp">
      <Filter>CxxTest\Gen\demo\Module1</Filter>
    </ClInclude>
    <ClInclude Include="..\CxxTest\Gen\demo\Module1\Rpc2.hpp">
      <Filter>CxxTest\Gen\demo\Module1</Filter>
    </ClInclude>
    <ClInclude Include="..\CxxTest\Gen\demo\Module1\Module11\AbstractModule.hpp">
      <Filter>CxxTest\Gen\demo\Module1\Module11</Filter>
    </ClInclude>
    <ClInclude Include="..\CxxTest\Gen\demo\Module2\BValue.hpp">
      <Filter>CxxTest\Gen\demo\Module2</Filter>
    </ClInclude>
    <ClInclude Include="..\CxxTest\Gen\TaskTest\TaskExt\AbstractModule.hpp">
      <Filter>CxxTest\Gen\TaskTest\TaskExt</Filter>
    </ClInclude>
    <ClInclude Include="..\CxxTest\Gen\TaskTest\TaskExt\BMyTask01.hpp">
      <Filter>CxxTest\Gen\TaskTest\TaskExt</Filter>
    </ClInclude>
    <ClInclude Include="..\CxxTest\Gen\TaskTest\TaskExt\BTConditionExploreWorld.hpp">
      <Filter>CxxTest\Gen\TaskTest\TaskExt</Filter>
    </ClInclude>
    <ClInclude Include="..\CxxTest\Gen\TaskTest\TaskExt\BTConditionExploreWorldEvent.hpp">
      <Filter>CxxTest\Gen\TaskTest\TaskExt</Filter>
    </ClInclude>
    <ClInclude Include="..\CxxTest\TaskTest\TaskExt\ModuleTaskExt.h">
      <Filter>CxxTest\TaskTest\TaskExt</Filter>
    </ClInclude>
    <ClInclude Include="Gen\demo\Module1\BKuafu.hpp">
      <Filter>CxxTest\Gen\demo\Module1</Filter>
    </ClInclude>
    <ClInclude Include="Gen\demo\Module1\BKuafuResult.hpp">
      <Filter>CxxTest\Gen\demo\Module1</Filter>
    </ClInclude>
    <ClInclude Include="Gen\demo\Module1\BOnlyData.hpp">
      <Filter>CxxTest\Gen\demo\Module1</Filter>
    </ClInclude>
    <ClInclude Include="Gen\demo\Module1\BTestSchemas.hpp">
      <Filter>CxxTest\Gen\demo\Module1</Filter>
    </ClInclude>
    <ClInclude Include="Gen\demo\Module1\ProtocolOnlyData.hpp">
      <Filter>CxxTest\Gen\demo\Module1</Filter>
    </ClInclude>
    <ClInclude Include="Gen\demo\Module1\ProtocolOnlyUseData.hpp">
      <Filter>CxxTest\Gen\demo\Module1</Filter>
    </ClInclude>
    <ClInclude Include="Gen\demo\Module1\RpcOnlyData.hpp">
      <Filter>CxxTest\Gen\demo\Module1</Filter>
    </ClInclude>
    <ClInclude Include="Gen\demo\Module1\RpcOnlyUseData.hpp">
      <Filter>CxxTest\Gen\demo\Module1</Filter>
    </ClInclude>
    <ClInclude Include="..\cxx\wepoll.h">
      <Filter>cxx</Filter>
    </ClInclude>
  </ItemGroup>
</Project>