<?xml version="1.0" encoding="utf-8"?>
<Project ToolsVersion="4.0" xmlns="http://schemas.microsoft.com/developer/msbuild/2003">
  <ItemGroup>
    <Filter Include="源文件">
      <UniqueIdentifier>{4FC737F1-C7A5-4376-A066-2A32D752A2FF}</UniqueIdentifier>
      <Extensions>cpp;c;cc;cxx;c++;cppm;ixx;def;odl;idl;hpj;bat;asm;asmx</Extensions>
    </Filter>
    <Filter Include="头文件">
      <UniqueIdentifier>{93995380-89BD-4b04-88EB-625FBE52EBFB}</UniqueIdentifier>
      <Extensions>h;hh;hpp;hxx;h++;hm;inl;inc;ipp;xsd</Extensions>
    </Filter>
    <Filter Include="资源文件">
      <UniqueIdentifier>{67DA6AB6-F800-4c08-8B7A-83BB121AAD01}</UniqueIdentifier>
      <Extensions>rc;ico;cur;bmp;dlg;rc2;rct;bin;rgs;gif;jpg;jpeg;jpe;resx;tiff;tif;png;wav;mfcribbon-ms</Extensions>
    </Filter>
    <Filter Include="ZezeCxx">
      <UniqueIdentifier>{b221f605-ac66-4ea1-bb28-af3807a8924e}</UniqueIdentifier>
    </Filter>
    <Filter Include="LuaLib">
      <UniqueIdentifier>{51cd7a6d-a52f-4920-b0ae-65fab39098ae}</UniqueIdentifier>
    </Filter>
  </ItemGroup>
  <ItemGroup>
    <ClCompile Include="lua-5.4.1\src\lapi.c">
      <Filter>LuaLib</Filter>
    </ClCompile>
    <ClCompile Include="lua-5.4.1\src\lauxlib.c">
      <Filter>LuaLib</Filter>
    </ClCompile>
    <ClCompile Include="lua-5.4.1\src\lbaselib.c">
      <Filter>LuaLib</Filter>
    </ClCompile>
    <ClCompile Include="lua-5.4.1\src\lcode.c">
      <Filter>LuaLib</Filter>
    </ClCompile>
    <ClCompile Include="lua-5.4.1\src\lcorolib.c">
      <Filter>LuaLib</Filter>
    </ClCompile>
    <ClCompile Include="lua-5.4.1\src\lctype.c">
      <Filter>LuaLib</Filter>
    </ClCompile>
    <ClCompile Include="lua-5.4.1\src\ldblib.c">
      <Filter>LuaLib</Filter>
    </ClCompile>
    <ClCompile Include="lua-5.4.1\src\ldebug.c">
      <Filter>LuaLib</Filter>
    </ClCompile>
    <ClCompile Include="lua-5.4.1\src\ldo.c">
      <Filter>LuaLib</Filter>
    </ClCompile>
    <ClCompile Include="lua-5.4.1\src\ldump.c">
      <Filter>LuaLib</Filter>
    </ClCompile>
    <ClCompile Include="lua-5.4.1\src\lfunc.c">
      <Filter>LuaLib</Filter>
    </ClCompile>
    <ClCompile Include="lua-5.4.1\src\lgc.c">
      <Filter>LuaLib</Filter>
    </ClCompile>
    <ClCompile Include="lua-5.4.1\src\linit.c">
      <Filter>LuaLib</Filter>
    </ClCompile>
    <ClCompile Include="lua-5.4.1\src\liolib.c">
      <Filter>LuaLib</Filter>
    </ClCompile>
    <ClCompile Include="lua-5.4.1\src\llex.c">
      <Filter>LuaLib</Filter>
    </ClCompile>
    <ClCompile Include="lua-5.4.1\src\lmathlib.c">
      <Filter>LuaLib</Filter>
    </ClCompile>
    <ClCompile Include="lua-5.4.1\src\lmem.c">
      <Filter>LuaLib</Filter>
    </ClCompile>
    <ClCompile Include="lua-5.4.1\src\loadlib.c">
      <Filter>LuaLib</Filter>
    </ClCompile>
    <ClCompile Include="lua-5.4.1\src\lobject.c">
      <Filter>LuaLib</Filter>
    </ClCompile>
    <ClCompile Include="lua-5.4.1\src\lopcodes.c">
      <Filter>LuaLib</Filter>
    </ClCompile>
    <ClCompile Include="lua-5.4.1\src\loslib.c">
      <Filter>LuaLib</Filter>
    </ClCompile>
    <ClCompile Include="lua-5.4.1\src\lparser.c">
      <Filter>LuaLib</Filter>
    </ClCompile>
    <ClCompile Include="lua-5.4.1\src\lstate.c">
      <Filter>LuaLib</Filter>
    </ClCompile>
    <ClCompile Include="lua-5.4.1\src\lstring.c">
      <Filter>LuaLib</Filter>
    </ClCompile>
    <ClCompile Include="lua-5.4.1\src\lstrlib.c">
      <Filter>LuaLib</Filter>
    </ClCompile>
    <ClCompile Include="lua-5.4.1\src\ltable.c">
      <Filter>LuaLib</Filter>
    </ClCompile>
    <ClCompile Include="lua-5.4.1\src\ltablib.c">
      <Filter>LuaLib</Filter>
    </ClCompile>
    <ClCompile Include="lua-5.4.1\src\ltm.c">
      <Filter>LuaLib</Filter>
    </ClCompile>
    <ClCompile Include="lua-5.4.1\src\lundump.c">
      <Filter>LuaLib</Filter>
    </ClCompile>
    <ClCompile Include="lua-5.4.1\src\lutf8lib.c">
      <Filter>LuaLib</Filter>
    </ClCompile>
    <ClCompile Include="lua-5.4.1\src\lvm.c">
      <Filter>LuaLib</Filter>
    </ClCompile>
    <ClCompile Include="lua-5.4.1\src\lzio.c">
      <Filter>LuaLib</Filter>
    </ClCompile>
    <ClCompile Include="main.cpp">
      <Filter>源文件</Filter>
    </ClCompile>
    <ClCompile Include="..\..\cxx\BI.c">
      <Filter>ZezeCxx</Filter>
    </ClCompile>
    <ClCompile Include="..\..\cxx\codec.cpp">
      <Filter>ZezeCxx</Filter>
    </ClCompile>
    <ClCompile Include="..\..\cxx\dh.cpp">
      <Filter>ZezeCxx</Filter>
    </ClCompile>
    <ClCompile Include="..\..\cxx\Net.cpp">
      <Filter>ZezeCxx</Filter>
    </ClCompile>
    <ClCompile Include="..\..\cxx\octets.cpp">
      <Filter>ZezeCxx</Filter>
    </ClCompile>
    <ClCompile Include="..\..\cxx\Protocol.cpp">
      <Filter>ZezeCxx</Filter>
    </ClCompile>
    <ClCompile Include="..\..\cxx\rfc2118.cpp">
      <Filter>ZezeCxx</Filter>
    </ClCompile>
    <ClCompile Include="..\..\cxx\security.cpp">
      <Filter>ZezeCxx</Filter>
    </ClCompile>
    <ClCompile Include="..\..\cxx\ToLua.cpp">
      <Filter>ZezeCxx</Filter>
    </ClCompile>
    <ClCompile Include="..\..\cxx\utils.cpp">
      <Filter>ZezeCxx</Filter>
    </ClCompile>
    <ClCompile Include="..\..\cxx\ByteBuffer.cpp">
      <Filter>ZezeCxx</Filter>
    </ClCompile>
  </ItemGroup>
  <ItemGroup>
    <ClInclude Include="lua-5.4.1\src\lapi.h">
      <Filter>LuaLib</Filter>
    </ClInclude>
    <ClInclude Include="lua-5.4.1\src\lauxlib.h">
      <Filter>LuaLib</Filter>
    </ClInclude>
    <ClInclude Include="lua-5.4.1\src\lcode.h">
      <Filter>LuaLib</Filter>
    </ClInclude>
    <ClInclude Include="lua-5.4.1\src\lctype.h">
      <Filter>LuaLib</Filter>
    </ClInclude>
    <ClInclude Include="lua-5.4.1\src\ldebug.h">
      <Filter>LuaLib</Filter>
    </ClInclude>
    <ClInclude Include="lua-5.4.1\src\ldo.h">
      <Filter>LuaLib</Filter>
    </ClInclude>
    <ClInclude Include="lua-5.4.1\src\lfunc.h">
      <Filter>LuaLib</Filter>
    </ClInclude>
    <ClInclude Include="lua-5.4.1\src\lgc.h">
      <Filter>LuaLib</Filter>
    </ClInclude>
    <ClInclude Include="lua-5.4.1\src\ljumptab.h">
      <Filter>LuaLib</Filter>
    </ClInclude>
    <ClInclude Include="lua-5.4.1\src\llex.h">
      <Filter>LuaLib</Filter>
    </ClInclude>
    <ClInclude Include="lua-5.4.1\src\llimits.h">
      <Filter>LuaLib</Filter>
    </ClInclude>
    <ClInclude Include="lua-5.4.1\src\lmem.h">
      <Filter>LuaLib</Filter>
    </ClInclude>
    <ClInclude Include="lua-5.4.1\src\lobject.h">
      <Filter>LuaLib</Filter>
    </ClInclude>
    <ClInclude Include="lua-5.4.1\src\lopcodes.h">
      <Filter>LuaLib</Filter>
    </ClInclude>
    <ClInclude Include="lua-5.4.1\src\lopnames.h">
      <Filter>LuaLib</Filter>
    </ClInclude>
    <ClInclude Include="lua-5.4.1\src\lparser.h">
      <Filter>LuaLib</Filter>
    </ClInclude>
    <ClInclude Include="lua-5.4.1\src\lprefix.h">
      <Filter>LuaLib</Filter>
    </ClInclude>
    <ClInclude Include="lua-5.4.1\src\lstate.h">
      <Filter>LuaLib</Filter>
    </ClInclude>
    <ClInclude Include="lua-5.4.1\src\lstring.h">
      <Filter>LuaLib</Filter>
    </ClInclude>
    <ClInclude Include="lua-5.4.1\src\ltable.h">
      <Filter>LuaLib</Filter>
    </ClInclude>
    <ClInclude Include="lua-5.4.1\src\ltm.h">
      <Filter>LuaLib</Filter>
    </ClInclude>
    <ClInclude Include="lua-5.4.1\src\lua.h">
      <Filter>LuaLib</Filter>
    </ClInclude>
    <ClInclude Include="lua-5.4.1\src\lua.hpp">
      <Filter>LuaLib</Filter>
    </ClInclude>
    <ClInclude Include="lua-5.4.1\src\luaconf.h">
      <Filter>LuaLib</Filter>
    </ClInclude>
    <ClInclude Include="lua-5.4.1\src\lualib.h">
      <Filter>LuaLib</Filter>
    </ClInclude>
    <ClInclude Include="lua-5.4.1\src\lundump.h">
      <Filter>LuaLib</Filter>
    </ClInclude>
    <ClInclude Include="lua-5.4.1\src\lvm.h">
      <Filter>LuaLib</Filter>
    </ClInclude>
    <ClInclude Include="lua-5.4.1\src\lzio.h">
      <Filter>LuaLib</Filter>
    </ClInclude>
    <ClInclude Include="..\..\cxx\BI.h">
      <Filter>ZezeCxx</Filter>
    </ClInclude>
    <ClInclude Include="..\..\cxx\ByteBuffer.h">
      <Filter>ZezeCxx</Filter>
    </ClInclude>
    <ClInclude Include="..\..\cxx\byteorder.h">
      <Filter>ZezeCxx</Filter>
    </ClInclude>
    <ClInclude Include="..\..\cxx\codec.h">
      <Filter>ZezeCxx</Filter>
    </ClInclude>
    <ClInclude Include="..\..\cxx\common.h">
      <Filter>ZezeCxx</Filter>
    </ClInclude>
    <ClInclude Include="..\..\cxx\dh.h">
      <Filter>ZezeCxx</Filter>
    </ClInclude>
    <ClInclude Include="..\..\cxx\IDecodeAndDispatcher.h">
      <Filter>ZezeCxx</Filter>
    </ClInclude>
    <ClInclude Include="..\..\cxx\luaheader.h">
      <Filter>ZezeCxx</Filter>
    </ClInclude>
    <ClInclude Include="..\..\cxx\LuaHelper.h">
      <Filter>ZezeCxx</Filter>
    </ClInclude>
    <ClInclude Include="..\..\cxx\Net.h">
      <Filter>ZezeCxx</Filter>
    </ClInclude>
    <ClInclude Include="..\..\cxx\octets.h">
      <Filter>ZezeCxx</Filter>
    </ClInclude>
    <ClInclude Include="..\..\cxx\osdefine.h">
      <Filter>ZezeCxx</Filter>
    </ClInclude>
    <ClInclude Include="..\..\cxx\Protocol.h">
      <Filter>ZezeCxx</Filter>
    </ClInclude>
    <ClInclude Include="..\..\cxx\rfc2118.h">
      <Filter>ZezeCxx</Filter>
    </ClInclude>
    <ClInclude Include="..\..\cxx\security.h">
      <Filter>ZezeCxx</Filter>
    </ClInclude>
    <ClInclude Include="..\..\cxx\ToLua.h">
      <Filter>ZezeCxx</Filter>
    </ClInclude>
    <ClInclude Include="..\..\cxx\ToLuaService.h">
      <Filter>ZezeCxx</Filter>
    </ClInclude>
    <ClInclude Include="..\..\cxx\utils.h">
      <Filter>ZezeCxx</Filter>
    </ClInclude>
    <ClInclude Include="..\..\cxx\Bean.h">
      <Filter>ZezeCxx</Filter>
    </ClInclude>
    <ClInclude Include="..\..\cxx\ToTypeScriptService.h">
      <Filter>ZezeCxx</Filter>
    </ClInclude>
  </ItemGroup>
  <ItemGroup>
    <Text Include="..\..\cxx\ReadMe.txt">
      <Filter>ZezeCxx</Filter>
    </Text>
  </ItemGroup>
</Project>